// !$*UTF8*$!
{
	archiveVersion = 1;
	classes = {
	};
	objectVersion = 45;
	objects = {

/* Begin PBXBuildFile section */
		534E2CF9101CC7E500AF8170 /* DDXML.h in Headers */ = {isa = PBXBuildFile; fileRef = DC5442580E8F336800013051 /* DDXML.h */; settings = {ATTRIBUTES = (Public, ); }; };
		534E2CFA101CC7EC00AF8170 /* DDXMLNode.m in Sources */ = {isa = PBXBuildFile; fileRef = DC54425E0E8F336800013051 /* DDXMLNode.m */; };
		534E2CFB101CC7EC00AF8170 /* DDXMLNode.h in Headers */ = {isa = PBXBuildFile; fileRef = DC54425D0E8F336800013051 /* DDXMLNode.h */; settings = {ATTRIBUTES = (Public, ); }; };
		534E2CFC101CC7ED00AF8170 /* DDXMLNode+Private.m in Sources */ = {isa = PBXBuildFile; fileRef = 534E2CDE101CC67A00AF8170 /* DDXMLNode+Private.m */; };
		534E2CFD101CC7ED00AF8170 /* DDXMLNode+Private.h in Headers */ = {isa = PBXBuildFile; fileRef = 534E2CDD101CC67A00AF8170 /* DDXMLNode+Private.h */; settings = {ATTRIBUTES = (Private, ); }; };
		534E2CFF101CC7EF00AF8170 /* DDXMLElement.h in Headers */ = {isa = PBXBuildFile; fileRef = DC54425B0E8F336800013051 /* DDXMLElement.h */; settings = {ATTRIBUTES = (Public, ); }; };
		534E2D00101CC7EF00AF8170 /* DDXMLElement.m in Sources */ = {isa = PBXBuildFile; fileRef = DC54425C0E8F336800013051 /* DDXMLElement.m */; };
		534E2D01101CC7F000AF8170 /* DDXMLElement+Private.m in Sources */ = {isa = PBXBuildFile; fileRef = 534E2CE2101CC6A600AF8170 /* DDXMLElement+Private.m */; };
		534E2D02101CC7F000AF8170 /* DDXMLElement+Private.h in Headers */ = {isa = PBXBuildFile; fileRef = 534E2CE1101CC6A600AF8170 /* DDXMLElement+Private.h */; settings = {ATTRIBUTES = (Private, ); }; };
		534E2D03101CC7F000AF8170 /* DDXMLDocument.m in Sources */ = {isa = PBXBuildFile; fileRef = DC54425A0E8F336800013051 /* DDXMLDocument.m */; };
		534E2D04101CC7F200AF8170 /* DDXMLDocument.h in Headers */ = {isa = PBXBuildFile; fileRef = DC5442590E8F336800013051 /* DDXMLDocument.h */; settings = {ATTRIBUTES = (Public, ); }; };
		534E2D05101CC7F200AF8170 /* DDXMLDocument+Private.m in Sources */ = {isa = PBXBuildFile; fileRef = 534E2CE5101CC6D600AF8170 /* DDXMLDocument+Private.m */; };
		534E2D06101CC7F300AF8170 /* DDXMLDocument+Private.h in Headers */ = {isa = PBXBuildFile; fileRef = 534E2CE4101CC6D600AF8170 /* DDXMLDocument+Private.h */; settings = {ATTRIBUTES = (Private, ); }; };
		534E300D101CCF0500AF8170 /* Foundation.framework in Frameworks */ = {isa = PBXBuildFile; fileRef = 29B97325FDCFA39411CA2CEA /* Foundation.framework */; };
/* End PBXBuildFile section */

/* Begin PBXFileReference section */
		29B97325FDCFA39411CA2CEA /* Foundation.framework */ = {isa = PBXFileReference; lastKnownFileType = wrapper.framework; name = Foundation.framework; path = /System/Library/Frameworks/Foundation.framework; sourceTree = "<absolute>"; };
		32CA4F630368D1EE00C91783 /* KissXML_Prefix.pch */ = {isa = PBXFileReference; fileEncoding = 4; lastKnownFileType = sourcecode.c.h; path = KissXML_Prefix.pch; sourceTree = "<group>"; };
		534E2CDD101CC67A00AF8170 /* DDXMLNode+Private.h */ = {isa = PBXFileReference; fileEncoding = 4; lastKnownFileType = sourcecode.c.h; path = "DDXMLNode+Private.h"; sourceTree = "<group>"; };
		534E2CDE101CC67A00AF8170 /* DDXMLNode+Private.m */ = {isa = PBXFileReference; fileEncoding = 4; lastKnownFileType = sourcecode.c.objc; path = "DDXMLNode+Private.m"; sourceTree = "<group>"; };
		534E2CE1101CC6A600AF8170 /* DDXMLElement+Private.h */ = {isa = PBXFileReference; fileEncoding = 4; lastKnownFileType = sourcecode.c.h; path = "DDXMLElement+Private.h"; sourceTree = "<group>"; };
		534E2CE2101CC6A600AF8170 /* DDXMLElement+Private.m */ = {isa = PBXFileReference; fileEncoding = 4; lastKnownFileType = sourcecode.c.objc; path = "DDXMLElement+Private.m"; sourceTree = "<group>"; };
		534E2CE4101CC6D600AF8170 /* DDXMLDocument+Private.h */ = {isa = PBXFileReference; fileEncoding = 4; lastKnownFileType = sourcecode.c.h; path = "DDXMLDocument+Private.h"; sourceTree = "<group>"; };
		534E2CE5101CC6D600AF8170 /* DDXMLDocument+Private.m */ = {isa = PBXFileReference; fileEncoding = 4; lastKnownFileType = sourcecode.c.objc; path = "DDXMLDocument+Private.m"; sourceTree = "<group>"; };
		534E2CF1101CC78900AF8170 /* libKissXML.a */ = {isa = PBXFileReference; explicitFileType = archive.ar; includeInIndex = 0; path = libKissXML.a; sourceTree = BUILT_PRODUCTS_DIR; };
		DC5442580E8F336800013051 /* DDXML.h */ = {isa = PBXFileReference; fileEncoding = 4; lastKnownFileType = sourcecode.c.h; path = DDXML.h; sourceTree = "<group>"; };
		DC5442590E8F336800013051 /* DDXMLDocument.h */ = {isa = PBXFileReference; fileEncoding = 4; lastKnownFileType = sourcecode.c.h; path = DDXMLDocument.h; sourceTree = "<group>"; };
		DC54425A0E8F336800013051 /* DDXMLDocument.m */ = {isa = PBXFileReference; fileEncoding = 4; lastKnownFileType = sourcecode.c.objc; path = DDXMLDocument.m; sourceTree = "<group>"; };
		DC54425B0E8F336800013051 /* DDXMLElement.h */ = {isa = PBXFileReference; fileEncoding = 4; lastKnownFileType = sourcecode.c.h; path = DDXMLElement.h; sourceTree = "<group>"; };
		DC54425C0E8F336800013051 /* DDXMLElement.m */ = {isa = PBXFileReference; fileEncoding = 4; lastKnownFileType = sourcecode.c.objc; path = DDXMLElement.m; sourceTree = "<group>"; };
		DC54425D0E8F336800013051 /* DDXMLNode.h */ = {isa = PBXFileReference; fileEncoding = 4; lastKnownFileType = sourcecode.c.h; path = DDXMLNode.h; sourceTree = "<group>"; };
		DC54425E0E8F336800013051 /* DDXMLNode.m */ = {isa = PBXFileReference; fileEncoding = 4; lastKnownFileType = sourcecode.c.objc; path = DDXMLNode.m; sourceTree = "<group>"; };
		DC5442640E8F338300013051 /* NSString+Additions.h */ = {isa = PBXFileReference; fileEncoding = 4; lastKnownFileType = sourcecode.c.h; path = "NSString+Additions.h"; sourceTree = "<group>"; };
		DC5442650E8F338300013051 /* NSString+Additions.m */ = {isa = PBXFileReference; fileEncoding = 4; lastKnownFileType = sourcecode.c.objc; path = "NSString+Additions.m"; sourceTree = "<group>"; };
		DC5442670E8F339000013051 /* DDXMLPrivate.h */ = {isa = PBXFileReference; fileEncoding = 4; lastKnownFileType = sourcecode.c.h; path = DDXMLPrivate.h; sourceTree = "<group>"; };
/* End PBXFileReference section */

/* Begin PBXFrameworksBuildPhase section */
		534E2CEF101CC78900AF8170 /* Frameworks */ = {
			isa = PBXFrameworksBuildPhase;
			buildActionMask = 2147483647;
			files = (
				534E300D101CCF0500AF8170 /* Foundation.framework in Frameworks */,
			);
			runOnlyForDeploymentPostprocessing = 0;
		};
/* End PBXFrameworksBuildPhase section */

/* Begin PBXGroup section */
		19C28FACFE9D520D11CA2CBB /* Products */ = {
			isa = PBXGroup;
			children = (
				534E2CF1101CC78900AF8170 /* libKissXML.a */,
			);
			name = Products;
			sourceTree = "<group>";
		};
		29B97314FDCFA39411CA2CEA /* KissXML */ = {
			isa = PBXGroup;
			children = (
				DC5442580E8F336800013051 /* DDXML.h */,
				DC5442540E8F333300013051 /* Node */,
				534E2CDC101CC65300AF8170 /* Element */,
				534E2CDB101CC64F00AF8170 /* Document */,
				DC5442630E8F337500013051 /* Private */,
				DC5442620E8F336D00013051 /* Categories */,
				29B97315FDCFA39411CA2CEA /* Other Sources */,
				29B97323FDCFA39411CA2CEA /* Frameworks */,
				19C28FACFE9D520D11CA2CBB /* Products */,
			);
			name = KissXML;
			sourceTree = "<group>";
		};
		29B97315FDCFA39411CA2CEA /* Other Sources */ = {
			isa = PBXGroup;
			children = (
				32CA4F630368D1EE00C91783 /* KissXML_Prefix.pch */,
			);
			name = "Other Sources";
			sourceTree = "<group>";
		};
		29B97323FDCFA39411CA2CEA /* Frameworks */ = {
			isa = PBXGroup;
			children = (
				29B97325FDCFA39411CA2CEA /* Foundation.framework */,
			);
			name = Frameworks;
			sourceTree = "<group>";
		};
		534E2CDB101CC64F00AF8170 /* Document */ = {
			isa = PBXGroup;
			children = (
				DC5442590E8F336800013051 /* DDXMLDocument.h */,
				DC54425A0E8F336800013051 /* DDXMLDocument.m */,
				534E2CE4101CC6D600AF8170 /* DDXMLDocument+Private.h */,
				534E2CE5101CC6D600AF8170 /* DDXMLDocument+Private.m */,
			);
			name = Document;
			sourceTree = "<group>";
		};
		534E2CDC101CC65300AF8170 /* Element */ = {
			isa = PBXGroup;
			children = (
				DC54425B0E8F336800013051 /* DDXMLElement.h */,
				DC54425C0E8F336800013051 /* DDXMLElement.m */,
				534E2CE1101CC6A600AF8170 /* DDXMLElement+Private.h */,
				534E2CE2101CC6A600AF8170 /* DDXMLElement+Private.m */,
			);
			name = Element;
			sourceTree = "<group>";
		};
		DC5442540E8F333300013051 /* Node */ = {
			isa = PBXGroup;
			children = (
				DC54425D0E8F336800013051 /* DDXMLNode.h */,
				DC54425E0E8F336800013051 /* DDXMLNode.m */,
				534E2CDD101CC67A00AF8170 /* DDXMLNode+Private.h */,
				534E2CDE101CC67A00AF8170 /* DDXMLNode+Private.m */,
			);
			name = Node;
			sourceTree = "<group>";
		};
		DC5442620E8F336D00013051 /* Categories */ = {
			isa = PBXGroup;
			children = (
				DC5442640E8F338300013051 /* NSString+Additions.h */,
				DC5442650E8F338300013051 /* NSString+Additions.m */,
			);
			name = Categories;
			sourceTree = "<group>";
		};
		DC5442630E8F337500013051 /* Private */ = {
			isa = PBXGroup;
			children = (
				DC5442670E8F339000013051 /* DDXMLPrivate.h */,
			);
			name = Private;
			sourceTree = "<group>";
		};
/* End PBXGroup section */

/* Begin PBXHeadersBuildPhase section */
		534E2CED101CC78900AF8170 /* Headers */ = {
			isa = PBXHeadersBuildPhase;
			buildActionMask = 2147483647;
			files = (
				534E2CF9101CC7E500AF8170 /* DDXML.h in Headers */,
				534E2CFB101CC7EC00AF8170 /* DDXMLNode.h in Headers */,
				534E2CFD101CC7ED00AF8170 /* DDXMLNode+Private.h in Headers */,
				534E2CFF101CC7EF00AF8170 /* DDXMLElement.h in Headers */,
				534E2D02101CC7F000AF8170 /* DDXMLElement+Private.h in Headers */,
				534E2D04101CC7F200AF8170 /* DDXMLDocument.h in Headers */,
				534E2D06101CC7F300AF8170 /* DDXMLDocument+Private.h in Headers */,
			);
			runOnlyForDeploymentPostprocessing = 0;
		};
/* End PBXHeadersBuildPhase section */

/* Begin PBXNativeTarget section */
		534E2CF0101CC78900AF8170 /* KissXML Touch */ = {
			isa = PBXNativeTarget;
			buildConfigurationList = 534E2CF8101CC79C00AF8170 /* Build configuration list for PBXNativeTarget "KissXML Touch" */;
			buildPhases = (
				534E2CED101CC78900AF8170 /* Headers */,
				534E2CEE101CC78900AF8170 /* Sources */,
				534E2CEF101CC78900AF8170 /* Frameworks */,
			);
			buildRules = (
			);
			dependencies = (
			);
			name = "KissXML Touch";
			productName = "KissXML Touch";
			productReference = 534E2CF1101CC78900AF8170 /* libKissXML.a */;
			productType = "com.apple.product-type.library.static";
		};
/* End PBXNativeTarget section */

/* Begin PBXProject section */
		29B97313FDCFA39411CA2CEA /* Project object */ = {
			isa = PBXProject;
			attributes = {
				BuildIndependentTargetsInParallel = YES;
			};
			buildConfigurationList = C01FCF4E08A954540054247B /* Build configuration list for PBXProject "KissXML" */;
			compatibilityVersion = "Xcode 3.1";
			hasScannedForEncodings = 1;
			mainGroup = 29B97314FDCFA39411CA2CEA /* KissXML */;
			projectDirPath = "";
			projectRoot = "";
			targets = (
				534E2CF0101CC78900AF8170 /* KissXML Touch */,
			);
		};
/* End PBXProject section */

/* Begin PBXSourcesBuildPhase section */
		534E2CEE101CC78900AF8170 /* Sources */ = {
			isa = PBXSourcesBuildPhase;
			buildActionMask = 2147483647;
			files = (
				534E2CFA101CC7EC00AF8170 /* DDXMLNode.m in Sources */,
				534E2CFC101CC7ED00AF8170 /* DDXMLNode+Private.m in Sources */,
				534E2D00101CC7EF00AF8170 /* DDXMLElement.m in Sources */,
				534E2D01101CC7F000AF8170 /* DDXMLElement+Private.m in Sources */,
				534E2D03101CC7F000AF8170 /* DDXMLDocument.m in Sources */,
				534E2D05101CC7F200AF8170 /* DDXMLDocument+Private.m in Sources */,
			);
			runOnlyForDeploymentPostprocessing = 0;
		};
/* End PBXSourcesBuildPhase section */

/* Begin XCBuildConfiguration section */
		534E2CF2101CC78A00AF8170 /* Debug */ = {
			isa = XCBuildConfiguration;
			buildSettings = {
				ALWAYS_SEARCH_USER_PATHS = NO;
				COPY_PHASE_STRIP = NO;
				GCC_DYNAMIC_NO_PIC = NO;
				GCC_OPTIMIZATION_LEVEL = 0;
				ONLY_ACTIVE_ARCH = YES;
				PREBINDING = NO;
				PRIVATE_HEADERS_FOLDER_PATH = "$(PUBLIC_HEADERS_FOLDER_PATH)/private";
				PRODUCT_NAME = KissXML;
				PUBLIC_HEADERS_FOLDER_PATH = /usr/local/include/KissXML;
			};
			name = Debug;
		};
		534E2CF3101CC78A00AF8170 /* Release */ = {
			isa = XCBuildConfiguration;
			buildSettings = {
				ALWAYS_SEARCH_USER_PATHS = NO;
				COPY_PHASE_STRIP = YES;
				DEBUG_INFORMATION_FORMAT = "dwarf-with-dsym";
				GCC_ENABLE_FIX_AND_CONTINUE = NO;
				PREBINDING = NO;
				PRIVATE_HEADERS_FOLDER_PATH = "$(PUBLIC_HEADERS_FOLDER_PATH)/private";
				PRODUCT_NAME = KissXML;
				PUBLIC_HEADERS_FOLDER_PATH = /usr/local/include/KissXML;
			};
			name = Release;
		};
		C01FCF4F08A954540054247B /* Debug */ = {
			isa = XCBuildConfiguration;
			buildSettings = {
				ARCHS = "$(ARCHS_STANDARD_32_64_BIT)";
				GCC_C_LANGUAGE_STANDARD = c99;
				GCC_OPTIMIZATION_LEVEL = 0;
				GCC_WARN_ABOUT_RETURN_TYPE = YES;
				GCC_WARN_UNUSED_VARIABLE = YES;
				HEADER_SEARCH_PATHS = /usr/include/libxml2;
				PREBINDING = NO;
				SDKROOT = macosx10.5;
			};
			name = Debug;
		};
		C01FCF5008A954540054247B /* Release */ = {
			isa = XCBuildConfiguration;
			buildSettings = {
				ARCHS = "$(ARCHS_STANDARD_32_64_BIT)";
				GCC_C_LANGUAGE_STANDARD = c99;
				GCC_WARN_ABOUT_RETURN_TYPE = YES;
				GCC_WARN_UNUSED_VARIABLE = YES;
				HEADER_SEARCH_PATHS = /usr/include/libxml2;
				PREBINDING = NO;
				SDKROOT = macosx10.5;
			};
			name = Release;
		};
/* End XCBuildConfiguration section */

/* Begin XCConfigurationList section */
		534E2CF8101CC79C00AF8170 /* Build configuration list for PBXNativeTarget "KissXML Touch" */ = {
			isa = XCConfigurationList;
			buildConfigurations = (
				534E2CF2101CC78A00AF8170 /* Debug */,
				534E2CF3101CC78A00AF8170 /* Release */,
			);
			defaultConfigurationIsVisible = 0;
			defaultConfigurationName = Release;
		};
		C01FCF4E08A954540054247B /* Build configuration list for PBXProject "KissXML" */ = {
			isa = XCConfigurationList;
			buildConfigurations = (
				C01FCF4F08A954540054247B /* Debug */,
				C01FCF5008A954540054247B /* Release */,
			);
			defaultConfigurationIsVisible = 0;
			defaultConfigurationName = Release;
		};
/* End XCConfigurationList section */
	};
	rootObject = 29B97313FDCFA39411CA2CEA /* Project object */;
}
