// !$*UTF8*$!
{
	archiveVersion = 1;
	classes = {
	};
	objectVersion = 45;
	objects = {

/* Begin PBXBuildFile section */
		530456C910000E3900EA4C1E /* TouchXML.framework in Frameworks */ = {isa = PBXBuildFile; fileRef = 530454E410000A4C00EA4C1E /* TouchXML.framework */; };
		532A42920FB4B495006E409F /* XMPPConnection.h in Headers */ = {isa = PBXBuildFile; fileRef = 532A428C0FB4B495006E409F /* XMPPConnection.h */; settings = {ATTRIBUTES = (Public, ); }; };
		532A42930FB4B495006E409F /* XMPPConnection.m in Sources */ = {isa = PBXBuildFile; fileRef = 532A428D0FB4B495006E409F /* XMPPConnection.m */; };
		532A42940FB4B495006E409F /* XMPPServer.h in Headers */ = {isa = PBXBuildFile; fileRef = 532A428E0FB4B495006E409F /* XMPPServer.h */; settings = {ATTRIBUTES = (Public, ); }; };
		532A42950FB4B495006E409F /* XMPPServer.m in Sources */ = {isa = PBXBuildFile; fileRef = 532A428F0FB4B495006E409F /* XMPPServer.m */; };
		532A42960FB4B495006E409F /* XMPPDigestAuthentication.h in Headers */ = {isa = PBXBuildFile; fileRef = 532A42900FB4B495006E409F /* XMPPDigestAuthentication.h */; settings = {ATTRIBUTES = (Public, ); }; };
		532A42970FB4B495006E409F /* XMPPDigestAuthentication.m in Sources */ = {isa = PBXBuildFile; fileRef = 532A42910FB4B495006E409F /* XMPPDigestAuthentication.m */; };
		532A429A0FB4B4A4006E409F /* XMPPRoster.h in Headers */ = {isa = PBXBuildFile; fileRef = 532A42980FB4B4A4006E409F /* XMPPRoster.h */; settings = {ATTRIBUTES = (Public, ); }; };
		532A429B0FB4B4A4006E409F /* XMPPRoster.m in Sources */ = {isa = PBXBuildFile; fileRef = 532A42990FB4B4A4006E409F /* XMPPRoster.m */; };
		532A429F0FB4B4B3006E409F /* XMPPChatService.h in Headers */ = {isa = PBXBuildFile; fileRef = 532A429D0FB4B4B3006E409F /* XMPPChatService.h */; settings = {ATTRIBUTES = (Public, ); }; };
		532A42A00FB4B4B3006E409F /* XMPPChatService.m in Sources */ = {isa = PBXBuildFile; fileRef = 532A429E0FB4B4B3006E409F /* XMPPChatService.m */; };
		532A42EB0FB4B540006E409F /* XMPPChatService.h in Headers */ = {isa = PBXBuildFile; fileRef = 532A429D0FB4B4B3006E409F /* XMPPChatService.h */; settings = {ATTRIBUTES = (Public, ); }; };
		532A42EC0FB4B541006E409F /* XMPPChatService.m in Sources */ = {isa = PBXBuildFile; fileRef = 532A429E0FB4B4B3006E409F /* XMPPChatService.m */; };
		532A42ED0FB4B541006E409F /* XMPPConnection.h in Headers */ = {isa = PBXBuildFile; fileRef = 532A428C0FB4B495006E409F /* XMPPConnection.h */; settings = {ATTRIBUTES = (Public, ); }; };
		532A42EE0FB4B542006E409F /* XMPPConnection.m in Sources */ = {isa = PBXBuildFile; fileRef = 532A428D0FB4B495006E409F /* XMPPConnection.m */; };
		532A42EF0FB4B542006E409F /* XMPPDigestAuthentication.h in Headers */ = {isa = PBXBuildFile; fileRef = 532A42900FB4B495006E409F /* XMPPDigestAuthentication.h */; settings = {ATTRIBUTES = (Public, ); }; };
		532A42F00FB4B543006E409F /* XMPPDigestAuthentication.m in Sources */ = {isa = PBXBuildFile; fileRef = 532A42910FB4B495006E409F /* XMPPDigestAuthentication.m */; };
		532A42F10FB4B543006E409F /* XMPPRoster.h in Headers */ = {isa = PBXBuildFile; fileRef = 532A42980FB4B4A4006E409F /* XMPPRoster.h */; settings = {ATTRIBUTES = (Public, ); }; };
		532A42F20FB4B543006E409F /* XMPPRoster.m in Sources */ = {isa = PBXBuildFile; fileRef = 532A42990FB4B4A4006E409F /* XMPPRoster.m */; };
		532A42F30FB4B544006E409F /* XMPPServer.h in Headers */ = {isa = PBXBuildFile; fileRef = 532A428E0FB4B495006E409F /* XMPPServer.h */; settings = {ATTRIBUTES = (Public, ); }; };
		532A42F40FB4B544006E409F /* XMPPServer.m in Sources */ = {isa = PBXBuildFile; fileRef = 532A428F0FB4B495006E409F /* XMPPServer.m */; };
		532A44250FB4B80E006E409F /* ObjectiveXMPP.h in Headers */ = {isa = PBXBuildFile; fileRef = 532A44230FB4B80E006E409F /* ObjectiveXMPP.h */; settings = {ATTRIBUTES = (Public, ); }; };
		532A44270FB4B80E006E409F /* ObjectiveXMPP.h in Headers */ = {isa = PBXBuildFile; fileRef = 532A44230FB4B80E006E409F /* ObjectiveXMPP.h */; settings = {ATTRIBUTES = (Public, ); }; };
		532A442B0FB4B850006E409F /* Foundation.framework in Frameworks */ = {isa = PBXBuildFile; fileRef = 0867D69BFE84028FC02AAC07 /* Foundation.framework */; };
		532A442C0FB4B855006E409F /* Foundation.framework in Frameworks */ = {isa = PBXBuildFile; fileRef = 0867D69BFE84028FC02AAC07 /* Foundation.framework */; };
		53D6A3360FEE6FEE00800C37 /* CoreNetworking.framework in Frameworks */ = {isa = PBXBuildFile; fileRef = 530E26EA0FC890E400DBAB3E /* CoreNetworking.framework */; };
		53D6A3410FEE701100800C37 /* AmberFoundation.framework in Frameworks */ = {isa = PBXBuildFile; fileRef = 530E26E60FC890E400DBAB3E /* AmberFoundation.framework */; };
		53E10AAC0FF968E5006E39CF /* XMPPConstants.h in Headers */ = {isa = PBXBuildFile; fileRef = 53E10AAA0FF968E5006E39CF /* XMPPConstants.h */; settings = {ATTRIBUTES = (Public, ); }; };
		53E10AAD0FF968E5006E39CF /* XMPPConstants.m in Sources */ = {isa = PBXBuildFile; fileRef = 53E10AAB0FF968E5006E39CF /* XMPPConstants.m */; };
		53E10AAE0FF968E5006E39CF /* XMPPConstants.h in Headers */ = {isa = PBXBuildFile; fileRef = 53E10AAA0FF968E5006E39CF /* XMPPConstants.h */; settings = {ATTRIBUTES = (Public, ); }; };
		53E10AAF0FF968E5006E39CF /* XMPPConstants.m in Sources */ = {isa = PBXBuildFile; fileRef = 53E10AAB0FF968E5006E39CF /* XMPPConstants.m */; };
		8DC2EF530486A6940098B216 /* InfoPlist.strings in Resources */ = {isa = PBXBuildFile; fileRef = 089C1666FE841158C02AAC07 /* InfoPlist.strings */; };
/* End PBXBuildFile section */

/* Begin PBXContainerItemProxy section */
		5304545010000A2400EA4C1E /* PBXContainerItemProxy */ = {
			isa = PBXContainerItemProxy;
			containerPortal = 5304544710000A2400EA4C1E /* TouchXML.xcodeproj */;
			proxyType = 2;
			remoteGlobalIDString = 457940FF0D82217800EB2D22;
			remoteInfo = TouchXML_UnitTests;
		};
		530454E310000A4C00EA4C1E /* PBXContainerItemProxy */ = {
			isa = PBXContainerItemProxy;
			containerPortal = 5304544710000A2400EA4C1E /* TouchXML.xcodeproj */;
			proxyType = 2;
			remoteGlobalIDString = 530454E010000A4C00EA4C1E;
			remoteInfo = TouchXML;
		};
		5304569710000DD000EA4C1E /* PBXContainerItemProxy */ = {
			isa = PBXContainerItemProxy;
			containerPortal = 5304544710000A2400EA4C1E /* TouchXML.xcodeproj */;
			proxyType = 2;
			remoteGlobalIDString = 5304559C10000AD000EA4C1E;
			remoteInfo = "TouchXML Touch";
		};
		530456C710000E3500EA4C1E /* PBXContainerItemProxy */ = {
			isa = PBXContainerItemProxy;
			containerPortal = 5304544710000A2400EA4C1E /* TouchXML.xcodeproj */;
			proxyType = 1;
			remoteGlobalIDString = 530454DF10000A4C00EA4C1E /* TouchXML */;
			remoteInfo = TouchXML;
		};
		530456CA10000E4000EA4C1E /* PBXContainerItemProxy */ = {
			isa = PBXContainerItemProxy;
			containerPortal = 5304544710000A2400EA4C1E /* TouchXML.xcodeproj */;
			proxyType = 1;
			remoteGlobalIDString = 5304559B10000AD000EA4C1E /* TouchXML Touch */;
			remoteInfo = "TouchXML Touch";
		};
		530E26E10FC890E400DBAB3E /* PBXContainerItemProxy */ = {
			isa = PBXContainerItemProxy;
			containerPortal = 532A43FD0FB4B7A3006E409F /* Amber.xcodeproj */;
			proxyType = 2;
			remoteGlobalIDString = 53EE97470F190070008AD8C0;
			remoteInfo = AmberKit;
		};
		530E26E30FC890E400DBAB3E /* PBXContainerItemProxy */ = {
			isa = PBXContainerItemProxy;
			containerPortal = 532A43FD0FB4B7A3006E409F /* Amber.xcodeproj */;
			proxyType = 2;
			remoteGlobalIDString = 537917750F7FC43B0064EB92;
			remoteInfo = "AmberKit (Additions)";
		};
		530E26E50FC890E400DBAB3E /* PBXContainerItemProxy */ = {
			isa = PBXContainerItemProxy;
			containerPortal = 532A43FD0FB4B7A3006E409F /* Amber.xcodeproj */;
			proxyType = 2;
			remoteGlobalIDString = 539A60C30D2698B7001CD14A;
			remoteInfo = AmberFoundation;
		};
		530E26E70FC890E400DBAB3E /* PBXContainerItemProxy */ = {
			isa = PBXContainerItemProxy;
			containerPortal = 532A43FD0FB4B7A3006E409F /* Amber.xcodeproj */;
			proxyType = 2;
			remoteGlobalIDString = 532F73DE0F0EB1AA004D6056;
			remoteInfo = "AmberFoundation Touch";
		};
		530E26E90FC890E400DBAB3E /* PBXContainerItemProxy */ = {
			isa = PBXContainerItemProxy;
			containerPortal = 532A43FD0FB4B7A3006E409F /* Amber.xcodeproj */;
			proxyType = 2;
			remoteGlobalIDString = 5370E0710F5B0571008F5991;
			remoteInfo = CoreNetworking;
		};
		530E26EB0FC890E400DBAB3E /* PBXContainerItemProxy */ = {
			isa = PBXContainerItemProxy;
			containerPortal = 532A43FD0FB4B7A3006E409F /* Amber.xcodeproj */;
			proxyType = 2;
			remoteGlobalIDString = 53BEF6A10F5B6A2700063B8D;
			remoteInfo = "CoreNetworking Touch";
		};
		530E26F10FC890F400DBAB3E /* PBXContainerItemProxy */ = {
			isa = PBXContainerItemProxy;
			containerPortal = 532A43FD0FB4B7A3006E409F /* Amber.xcodeproj */;
			proxyType = 1;
			remoteGlobalIDString = 53BEF6A00F5B6A2700063B8D;
			remoteInfo = "CoreNetworking Touch";
		};
		53D6A3340FEE6FE700800C37 /* PBXContainerItemProxy */ = {
			isa = PBXContainerItemProxy;
			containerPortal = 532A43FD0FB4B7A3006E409F /* Amber.xcodeproj */;
			proxyType = 1;
			remoteGlobalIDString = 5370E0700F5B0571008F5991;
			remoteInfo = CoreNetworking;
		};
		53D6A33F0FEE700D00800C37 /* PBXContainerItemProxy */ = {
			isa = PBXContainerItemProxy;
			containerPortal = 532A43FD0FB4B7A3006E409F /* Amber.xcodeproj */;
			proxyType = 1;
			remoteGlobalIDString = 539A60C20D2698B7001CD14A;
			remoteInfo = AmberFoundation;
		};
		53D6A3420FEE701A00800C37 /* PBXContainerItemProxy */ = {
			isa = PBXContainerItemProxy;
			containerPortal = 532A43FD0FB4B7A3006E409F /* Amber.xcodeproj */;
			proxyType = 1;
			remoteGlobalIDString = 532F73DD0F0EB1AA004D6056;
			remoteInfo = "AmberFoundation Touch";
		};
/* End PBXContainerItemProxy section */

/* Begin PBXFileReference section */
		0867D69BFE84028FC02AAC07 /* Foundation.framework */ = {isa = PBXFileReference; lastKnownFileType = wrapper.framework; name = Foundation.framework; path = /System/Library/Frameworks/Foundation.framework; sourceTree = "<absolute>"; };
		089C1667FE841158C02AAC07 /* English */ = {isa = PBXFileReference; fileEncoding = 10; lastKnownFileType = text.plist.strings; name = English; path = English.lproj/InfoPlist.strings; sourceTree = "<group>"; };
		32DBCF5E0370ADEE00C91783 /* ObjectiveXMPP_Prefix.pch */ = {isa = PBXFileReference; fileEncoding = 4; lastKnownFileType = sourcecode.c.h; path = ObjectiveXMPP_Prefix.pch; sourceTree = "<group>"; };
		5304544710000A2400EA4C1E /* TouchXML.xcodeproj */ = {isa = PBXFileReference; lastKnownFileType = "wrapper.pb-project"; name = TouchXML.xcodeproj; path = ../TouchXML/TouchXML.xcodeproj; sourceTree = SOURCE_ROOT; };
		532A428C0FB4B495006E409F /* XMPPConnection.h */ = {isa = PBXFileReference; fileEncoding = 4; lastKnownFileType = sourcecode.c.h; path = XMPPConnection.h; sourceTree = "<group>"; };
		532A428D0FB4B495006E409F /* XMPPConnection.m */ = {isa = PBXFileReference; fileEncoding = 4; lastKnownFileType = sourcecode.c.objc; path = XMPPConnection.m; sourceTree = "<group>"; };
		532A428E0FB4B495006E409F /* XMPPServer.h */ = {isa = PBXFileReference; fileEncoding = 4; lastKnownFileType = sourcecode.c.h; path = XMPPServer.h; sourceTree = "<group>"; };
		532A428F0FB4B495006E409F /* XMPPServer.m */ = {isa = PBXFileReference; fileEncoding = 4; lastKnownFileType = sourcecode.c.objc; path = XMPPServer.m; sourceTree = "<group>"; };
		532A42900FB4B495006E409F /* XMPPDigestAuthentication.h */ = {isa = PBXFileReference; fileEncoding = 4; lastKnownFileType = sourcecode.c.h; path = XMPPDigestAuthentication.h; sourceTree = "<group>"; };
		532A42910FB4B495006E409F /* XMPPDigestAuthentication.m */ = {isa = PBXFileReference; fileEncoding = 4; lastKnownFileType = sourcecode.c.objc; path = XMPPDigestAuthentication.m; sourceTree = "<group>"; };
		532A42980FB4B4A4006E409F /* XMPPRoster.h */ = {isa = PBXFileReference; fileEncoding = 4; lastKnownFileType = sourcecode.c.h; path = XMPPRoster.h; sourceTree = "<group>"; };
		532A42990FB4B4A4006E409F /* XMPPRoster.m */ = {isa = PBXFileReference; fileEncoding = 4; lastKnownFileType = sourcecode.c.objc; path = XMPPRoster.m; sourceTree = "<group>"; };
		532A429D0FB4B4B3006E409F /* XMPPChatService.h */ = {isa = PBXFileReference; fileEncoding = 4; lastKnownFileType = sourcecode.c.h; path = XMPPChatService.h; sourceTree = "<group>"; };
		532A429E0FB4B4B3006E409F /* XMPPChatService.m */ = {isa = PBXFileReference; fileEncoding = 4; lastKnownFileType = sourcecode.c.objc; path = XMPPChatService.m; sourceTree = "<group>"; };
		532A42DC0FB4B519006E409F /* libObjectiveXMPP.a */ = {isa = PBXFileReference; explicitFileType = archive.ar; includeInIndex = 0; path = libObjectiveXMPP.a; sourceTree = BUILT_PRODUCTS_DIR; };
		532A43FD0FB4B7A3006E409F /* Amber.xcodeproj */ = {isa = PBXFileReference; lastKnownFileType = "wrapper.pb-project"; name = Amber.xcodeproj; path = ../Amber/framework/Amber.xcodeproj; sourceTree = SOURCE_ROOT; };
		532A44230FB4B80E006E409F /* ObjectiveXMPP.h */ = {isa = PBXFileReference; fileEncoding = 4; lastKnownFileType = sourcecode.c.h; path = ObjectiveXMPP.h; sourceTree = "<group>"; };
		53E10AAA0FF968E5006E39CF /* XMPPConstants.h */ = {isa = PBXFileReference; fileEncoding = 4; lastKnownFileType = sourcecode.c.h; path = XMPPConstants.h; sourceTree = "<group>"; };
		53E10AAB0FF968E5006E39CF /* XMPPConstants.m */ = {isa = PBXFileReference; fileEncoding = 4; lastKnownFileType = sourcecode.c.objc; path = XMPPConstants.m; sourceTree = "<group>"; };
		8DC2EF5A0486A6940098B216 /* Info.plist */ = {isa = PBXFileReference; fileEncoding = 4; lastKnownFileType = text.plist.xml; path = Info.plist; sourceTree = "<group>"; };
		8DC2EF5B0486A6940098B216 /* ObjectiveXMPP.framework */ = {isa = PBXFileReference; explicitFileType = wrapper.framework; includeInIndex = 0; path = ObjectiveXMPP.framework; sourceTree = BUILT_PRODUCTS_DIR; };
/* End PBXFileReference section */

/* Begin PBXFrameworksBuildPhase section */
		532A42DA0FB4B519006E409F /* Frameworks */ = {
			isa = PBXFrameworksBuildPhase;
			buildActionMask = 2147483647;
			files = (
				532A442C0FB4B855006E409F /* Foundation.framework in Frameworks */,
			);
			runOnlyForDeploymentPostprocessing = 0;
		};
		8DC2EF560486A6940098B216 /* Frameworks */ = {
			isa = PBXFrameworksBuildPhase;
			buildActionMask = 2147483647;
			files = (
				530456C910000E3900EA4C1E /* TouchXML.framework in Frameworks */,
				53D6A3410FEE701100800C37 /* AmberFoundation.framework in Frameworks */,
				53D6A3360FEE6FEE00800C37 /* CoreNetworking.framework in Frameworks */,
				532A442B0FB4B850006E409F /* Foundation.framework in Frameworks */,
			);
			runOnlyForDeploymentPostprocessing = 0;
		};
/* End PBXFrameworksBuildPhase section */

/* Begin PBXGroup section */
		034768DFFF38A50411DB9C8B /* Products */ = {
			isa = PBXGroup;
			children = (
				8DC2EF5B0486A6940098B216 /* ObjectiveXMPP.framework */,
				532A42DC0FB4B519006E409F /* libObjectiveXMPP.a */,
			);
			name = Products;
			sourceTree = "<group>";
		};
		0867D691FE84028FC02AAC07 /* AmberXMPP */ = {
			isa = PBXGroup;
			children = (
				532A44230FB4B80E006E409F /* ObjectiveXMPP.h */,
				538FEB0E0FFC1C73002C28D5 /* Networking */,
				08FB77AEFE84172EC02AAC07 /* Classes */,
				32C88DFF0371C24200C91783 /* Other Sources */,
				089C1665FE841158C02AAC07 /* Resources */,
				0867D69AFE84028FC02AAC07 /* Frameworks */,
				034768DFFF38A50411DB9C8B /* Products */,
			);
			name = AmberXMPP;
			sourceTree = "<group>";
		};
		0867D69AFE84028FC02AAC07 /* Frameworks */ = {
			isa = PBXGroup;
			children = (
				532A43FD0FB4B7A3006E409F /* Amber.xcodeproj */,
				5304544710000A2400EA4C1E /* TouchXML.xcodeproj */,
				0867D69BFE84028FC02AAC07 /* Foundation.framework */,
			);
			name = Frameworks;
			sourceTree = "<group>";
		};
		089C1665FE841158C02AAC07 /* Resources */ = {
			isa = PBXGroup;
			children = (
				8DC2EF5A0486A6940098B216 /* Info.plist */,
				089C1666FE841158C02AAC07 /* InfoPlist.strings */,
			);
			name = Resources;
			sourceTree = "<group>";
		};
		08FB77AEFE84172EC02AAC07 /* Classes */ = {
			isa = PBXGroup;
			children = (
				532A429D0FB4B4B3006E409F /* XMPPChatService.h */,
				532A429E0FB4B4B3006E409F /* XMPPChatService.m */,
				532A42980FB4B4A4006E409F /* XMPPRoster.h */,
				532A42990FB4B4A4006E409F /* XMPPRoster.m */,
				532A42900FB4B495006E409F /* XMPPDigestAuthentication.h */,
				532A42910FB4B495006E409F /* XMPPDigestAuthentication.m */,
			);
			name = Classes;
			sourceTree = "<group>";
		};
		32C88DFF0371C24200C91783 /* Other Sources */ = {
			isa = PBXGroup;
			children = (
				32DBCF5E0370ADEE00C91783 /* ObjectiveXMPP_Prefix.pch */,
				53E10AAA0FF968E5006E39CF /* XMPPConstants.h */,
				53E10AAB0FF968E5006E39CF /* XMPPConstants.m */,
			);
			name = "Other Sources";
			sourceTree = "<group>";
		};
		5304544810000A2400EA4C1E /* Products */ = {
			isa = PBXGroup;
			children = (
				530454E410000A4C00EA4C1E /* TouchXML.framework */,
				5304569810000DD000EA4C1E /* libTouchXML.a */,
				5304545110000A2400EA4C1E /* TouchXML_UnitTests.octest */,
			);
			name = Products;
			sourceTree = "<group>";
		};
		530E26D60FC890E400DBAB3E /* Products */ = {
			isa = PBXGroup;
			children = (
				530E26E20FC890E400DBAB3E /* AmberKit.framework */,
				530E26E40FC890E400DBAB3E /* libAmberKit.a */,
				530E26E60FC890E400DBAB3E /* AmberFoundation.framework */,
				530E26E80FC890E400DBAB3E /* libAmberFoundation.a */,
				530E26EA0FC890E400DBAB3E /* CoreNetworking.framework */,
				530E26EC0FC890E400DBAB3E /* libCoreNetworking.a */,
			);
			name = Products;
			sourceTree = "<group>";
		};
		538FEB0E0FFC1C73002C28D5 /* Networking */ = {
			isa = PBXGroup;
			children = (
				532A428C0FB4B495006E409F /* XMPPConnection.h */,
				532A428D0FB4B495006E409F /* XMPPConnection.m */,
				532A428E0FB4B495006E409F /* XMPPServer.h */,
				532A428F0FB4B495006E409F /* XMPPServer.m */,
			);
			name = Networking;
			sourceTree = "<group>";
		};
/* End PBXGroup section */

/* Begin PBXHeadersBuildPhase section */
		532A42D80FB4B519006E409F /* Headers */ = {
			isa = PBXHeadersBuildPhase;
			buildActionMask = 2147483647;
			files = (
				532A42EB0FB4B540006E409F /* XMPPChatService.h in Headers */,
				532A42ED0FB4B541006E409F /* XMPPConnection.h in Headers */,
				532A42EF0FB4B542006E409F /* XMPPDigestAuthentication.h in Headers */,
				532A42F10FB4B543006E409F /* XMPPRoster.h in Headers */,
				532A42F30FB4B544006E409F /* XMPPServer.h in Headers */,
				532A44270FB4B80E006E409F /* ObjectiveXMPP.h in Headers */,
				53E10AAC0FF968E5006E39CF /* XMPPConstants.h in Headers */,
			);
			runOnlyForDeploymentPostprocessing = 0;
		};
		8DC2EF500486A6940098B216 /* Headers */ = {
			isa = PBXHeadersBuildPhase;
			buildActionMask = 2147483647;
			files = (
				532A42920FB4B495006E409F /* XMPPConnection.h in Headers */,
				532A42940FB4B495006E409F /* XMPPServer.h in Headers */,
				532A42960FB4B495006E409F /* XMPPDigestAuthentication.h in Headers */,
				532A429A0FB4B4A4006E409F /* XMPPRoster.h in Headers */,
				532A429F0FB4B4B3006E409F /* XMPPChatService.h in Headers */,
				532A44250FB4B80E006E409F /* ObjectiveXMPP.h in Headers */,
				53E10AAE0FF968E5006E39CF /* XMPPConstants.h in Headers */,
			);
			runOnlyForDeploymentPostprocessing = 0;
		};
/* End PBXHeadersBuildPhase section */

/* Begin PBXNativeTarget section */
		532A42DB0FB4B519006E409F /* ObjectiveXMPP Touch */ = {
			isa = PBXNativeTarget;
			buildConfigurationList = 532A42FF0FB4B54B006E409F /* Build configuration list for PBXNativeTarget "ObjectiveXMPP Touch" */;
			buildPhases = (
				532A42D80FB4B519006E409F /* Headers */,
				532A42D90FB4B519006E409F /* Sources */,
				532A42DA0FB4B519006E409F /* Frameworks */,
			);
			buildRules = (
			);
			dependencies = (
				530E26F20FC890F400DBAB3E /* PBXTargetDependency */,
				53D6A3430FEE701A00800C37 /* PBXTargetDependency */,
				530456CB10000E4000EA4C1E /* PBXTargetDependency */,
			);
			name = "ObjectiveXMPP Touch";
			productName = "AmberXMPP Touch";
			productReference = 532A42DC0FB4B519006E409F /* libObjectiveXMPP.a */;
			productType = "com.apple.product-type.library.static";
		};
		8DC2EF4F0486A6940098B216 /* ObjectiveXMPP */ = {
			isa = PBXNativeTarget;
			buildConfigurationList = 1DEB91AD08733DA50010E9CD /* Build configuration list for PBXNativeTarget "ObjectiveXMPP" */;
			buildPhases = (
				8DC2EF500486A6940098B216 /* Headers */,
				8DC2EF520486A6940098B216 /* Resources */,
				8DC2EF540486A6940098B216 /* Sources */,
				8DC2EF560486A6940098B216 /* Frameworks */,
			);
			buildRules = (
			);
			dependencies = (
				53D6A3350FEE6FE700800C37 /* PBXTargetDependency */,
				53D6A3400FEE700D00800C37 /* PBXTargetDependency */,
				530456C810000E3500EA4C1E /* PBXTargetDependency */,
			);
			name = ObjectiveXMPP;
			productInstallPath = "$(HOME)/Library/Frameworks";
			productName = AmberXMPP;
			productReference = 8DC2EF5B0486A6940098B216 /* ObjectiveXMPP.framework */;
			productType = "com.apple.product-type.framework";
		};
/* End PBXNativeTarget section */

/* Begin PBXProject section */
		0867D690FE84028FC02AAC07 /* Project object */ = {
			isa = PBXProject;
			buildConfigurationList = 1DEB91B108733DA50010E9CD /* Build configuration list for PBXProject "ObjectiveXMPP" */;
			compatibilityVersion = "Xcode 3.1";
			hasScannedForEncodings = 1;
			mainGroup = 0867D691FE84028FC02AAC07 /* AmberXMPP */;
			productRefGroup = 034768DFFF38A50411DB9C8B /* Products */;
			projectDirPath = "";
			projectReferences = (
				{
					ProductGroup = 530E26D60FC890E400DBAB3E /* Products */;
					ProjectRef = 532A43FD0FB4B7A3006E409F /* Amber.xcodeproj */;
				},
				{
					ProductGroup = 5304544810000A2400EA4C1E /* Products */;
					ProjectRef = 5304544710000A2400EA4C1E /* TouchXML.xcodeproj */;
				},
			);
			projectRoot = "";
			targets = (
				8DC2EF4F0486A6940098B216 /* ObjectiveXMPP */,
				532A42DB0FB4B519006E409F /* ObjectiveXMPP Touch */,
			);
		};
/* End PBXProject section */

/* Begin PBXReferenceProxy section */
		5304545110000A2400EA4C1E /* TouchXML_UnitTests.octest */ = {
			isa = PBXReferenceProxy;
			fileType = wrapper.cfbundle;
			path = TouchXML_UnitTests.octest;
			remoteRef = 5304545010000A2400EA4C1E /* PBXContainerItemProxy */;
			sourceTree = BUILT_PRODUCTS_DIR;
		};
		530454E410000A4C00EA4C1E /* TouchXML.framework */ = {
			isa = PBXReferenceProxy;
			fileType = wrapper.framework;
			path = TouchXML.framework;
			remoteRef = 530454E310000A4C00EA4C1E /* PBXContainerItemProxy */;
			sourceTree = BUILT_PRODUCTS_DIR;
		};
		5304569810000DD000EA4C1E /* libTouchXML.a */ = {
			isa = PBXReferenceProxy;
			fileType = archive.ar;
			path = libTouchXML.a;
			remoteRef = 5304569710000DD000EA4C1E /* PBXContainerItemProxy */;
			sourceTree = BUILT_PRODUCTS_DIR;
		};
		530E26E20FC890E400DBAB3E /* AmberKit.framework */ = {
			isa = PBXReferenceProxy;
			fileType = wrapper.framework;
			path = AmberKit.framework;
			remoteRef = 530E26E10FC890E400DBAB3E /* PBXContainerItemProxy */;
			sourceTree = BUILT_PRODUCTS_DIR;
		};
		530E26E40FC890E400DBAB3E /* libAmberKit.a */ = {
			isa = PBXReferenceProxy;
			fileType = archive.ar;
			path = libAmberKit.a;
			remoteRef = 530E26E30FC890E400DBAB3E /* PBXContainerItemProxy */;
			sourceTree = BUILT_PRODUCTS_DIR;
		};
		530E26E60FC890E400DBAB3E /* AmberFoundation.framework */ = {
			isa = PBXReferenceProxy;
			fileType = wrapper.framework;
			path = AmberFoundation.framework;
			remoteRef = 530E26E50FC890E400DBAB3E /* PBXContainerItemProxy */;
			sourceTree = BUILT_PRODUCTS_DIR;
		};
		530E26E80FC890E400DBAB3E /* libAmberFoundation.a */ = {
			isa = PBXReferenceProxy;
			fileType = archive.ar;
			path = libAmberFoundation.a;
			remoteRef = 530E26E70FC890E400DBAB3E /* PBXContainerItemProxy */;
			sourceTree = BUILT_PRODUCTS_DIR;
		};
		530E26EA0FC890E400DBAB3E /* CoreNetworking.framework */ = {
			isa = PBXReferenceProxy;
			fileType = wrapper.framework;
			path = CoreNetworking.framework;
			remoteRef = 530E26E90FC890E400DBAB3E /* PBXContainerItemProxy */;
			sourceTree = BUILT_PRODUCTS_DIR;
		};
		530E26EC0FC890E400DBAB3E /* libCoreNetworking.a */ = {
			isa = PBXReferenceProxy;
			fileType = archive.ar;
			path = libCoreNetworking.a;
			remoteRef = 530E26EB0FC890E400DBAB3E /* PBXContainerItemProxy */;
			sourceTree = BUILT_PRODUCTS_DIR;
		};
/* End PBXReferenceProxy section */

/* Begin PBXResourcesBuildPhase section */
		8DC2EF520486A6940098B216 /* Resources */ = {
			isa = PBXResourcesBuildPhase;
			buildActionMask = 2147483647;
			files = (
				8DC2EF530486A6940098B216 /* InfoPlist.strings in Resources */,
			);
			runOnlyForDeploymentPostprocessing = 0;
		};
/* End PBXResourcesBuildPhase section */

/* Begin PBXSourcesBuildPhase section */
		532A42D90FB4B519006E409F /* Sources */ = {
			isa = PBXSourcesBuildPhase;
			buildActionMask = 2147483647;
			files = (
				532A42EC0FB4B541006E409F /* XMPPChatService.m in Sources */,
				532A42EE0FB4B542006E409F /* XMPPConnection.m in Sources */,
				532A42F00FB4B543006E409F /* XMPPDigestAuthentication.m in Sources */,
				532A42F20FB4B543006E409F /* XMPPRoster.m in Sources */,
				532A42F40FB4B544006E409F /* XMPPServer.m in Sources */,
				53E10AAD0FF968E5006E39CF /* XMPPConstants.m in Sources */,
			);
			runOnlyForDeploymentPostprocessing = 0;
		};
		8DC2EF540486A6940098B216 /* Sources */ = {
			isa = PBXSourcesBuildPhase;
			buildActionMask = 2147483647;
			files = (
				532A42930FB4B495006E409F /* XMPPConnection.m in Sources */,
				532A42950FB4B495006E409F /* XMPPServer.m in Sources */,
				532A42970FB4B495006E409F /* XMPPDigestAuthentication.m in Sources */,
				532A429B0FB4B4A4006E409F /* XMPPRoster.m in Sources */,
				532A42A00FB4B4B3006E409F /* XMPPChatService.m in Sources */,
				53E10AAF0FF968E5006E39CF /* XMPPConstants.m in Sources */,
			);
			runOnlyForDeploymentPostprocessing = 0;
		};
/* End PBXSourcesBuildPhase section */

/* Begin PBXTargetDependency section */
		530456C810000E3500EA4C1E /* PBXTargetDependency */ = {
			isa = PBXTargetDependency;
			name = TouchXML;
			targetProxy = 530456C710000E3500EA4C1E /* PBXContainerItemProxy */;
		};
		530456CB10000E4000EA4C1E /* PBXTargetDependency */ = {
			isa = PBXTargetDependency;
			name = "TouchXML Touch";
			targetProxy = 530456CA10000E4000EA4C1E /* PBXContainerItemProxy */;
		};
		530E26F20FC890F400DBAB3E /* PBXTargetDependency */ = {
			isa = PBXTargetDependency;
			name = "CoreNetworking Touch";
			targetProxy = 530E26F10FC890F400DBAB3E /* PBXContainerItemProxy */;
		};
		53D6A3350FEE6FE700800C37 /* PBXTargetDependency */ = {
			isa = PBXTargetDependency;
			name = CoreNetworking;
			targetProxy = 53D6A3340FEE6FE700800C37 /* PBXContainerItemProxy */;
		};
		53D6A3400FEE700D00800C37 /* PBXTargetDependency */ = {
			isa = PBXTargetDependency;
			name = AmberFoundation;
			targetProxy = 53D6A33F0FEE700D00800C37 /* PBXContainerItemProxy */;
		};
		53D6A3430FEE701A00800C37 /* PBXTargetDependency */ = {
			isa = PBXTargetDependency;
			name = "AmberFoundation Touch";
			targetProxy = 53D6A3420FEE701A00800C37 /* PBXContainerItemProxy */;
		};
/* End PBXTargetDependency section */

/* Begin PBXVariantGroup section */
		089C1666FE841158C02AAC07 /* InfoPlist.strings */ = {
			isa = PBXVariantGroup;
			children = (
				089C1667FE841158C02AAC07 /* English */,
			);
			name = InfoPlist.strings;
			sourceTree = "<group>";
		};
/* End PBXVariantGroup section */

/* Begin XCBuildConfiguration section */
		1DEB91AE08733DA50010E9CD /* Debug */ = {
			isa = XCBuildConfiguration;
			buildSettings = {
				ALWAYS_SEARCH_USER_PATHS = NO;
				COPY_PHASE_STRIP = NO;
				DYLIB_COMPATIBILITY_VERSION = 1;
				DYLIB_CURRENT_VERSION = 1;
				FRAMEWORK_VERSION = A;
				GCC_DYNAMIC_NO_PIC = NO;
				GCC_ENABLE_FIX_AND_CONTINUE = YES;
				GCC_ENABLE_OBJC_GC = supported;
				GCC_MODEL_TUNING = G5;
				GCC_OPTIMIZATION_LEVEL = 0;
				GCC_PRECOMPILE_PREFIX_HEADER = YES;
				GCC_PREFIX_HEADER = AmberXMPP_Prefix.pch;
				HEADER_SEARCH_PATHS = "/usr/include/libxml2/**";
				INFOPLIST_FILE = Info.plist;
				INSTALL_PATH = "@rpath/";
				OTHER_LDFLAGS = "-lxml2";
				PRODUCT_NAME = ObjectiveXMPP;
				WRAPPER_EXTENSION = framework;
			};
			name = Debug;
		};
		1DEB91AF08733DA50010E9CD /* Release */ = {
			isa = XCBuildConfiguration;
			buildSettings = {
				ALWAYS_SEARCH_USER_PATHS = NO;
				DEBUG_INFORMATION_FORMAT = "dwarf-with-dsym";
				DYLIB_COMPATIBILITY_VERSION = 1;
				DYLIB_CURRENT_VERSION = 1;
				FRAMEWORK_VERSION = A;
				GCC_ENABLE_OBJC_GC = supported;
				GCC_MODEL_TUNING = G5;
				GCC_PRECOMPILE_PREFIX_HEADER = YES;
				GCC_PREFIX_HEADER = AmberXMPP_Prefix.pch;
				HEADER_SEARCH_PATHS = "/usr/include/libxml2/**";
				INFOPLIST_FILE = Info.plist;
				INSTALL_PATH = "@rpath/";
				OTHER_LDFLAGS = "-lxml2";
				PRODUCT_NAME = ObjectiveXMPP;
				WRAPPER_EXTENSION = framework;
			};
			name = Release;
		};
		1DEB91B208733DA50010E9CD /* Debug */ = {
			isa = XCBuildConfiguration;
			buildSettings = {
				ARCHS = "$(ARCHS_STANDARD_32_64_BIT)";
				GCC_C_LANGUAGE_STANDARD = c99;
				GCC_OPTIMIZATION_LEVEL = 0;
				GCC_WARN_ABOUT_RETURN_TYPE = YES;
				GCC_WARN_UNUSED_VARIABLE = YES;
				ONLY_ACTIVE_ARCH = YES;
				PREBINDING = NO;
				SDKROOT = macosx10.5;
			};
			name = Debug;
		};
		1DEB91B308733DA50010E9CD /* Release */ = {
			isa = XCBuildConfiguration;
			buildSettings = {
				ARCHS = "$(ARCHS_STANDARD_32_64_BIT)";
				GCC_C_LANGUAGE_STANDARD = c99;
				GCC_WARN_ABOUT_RETURN_TYPE = YES;
				GCC_WARN_UNUSED_VARIABLE = YES;
				PREBINDING = NO;
				SDKROOT = macosx10.5;
			};
			name = Release;
		};
		532A42DD0FB4B519006E409F /* Debug */ = {
			isa = XCBuildConfiguration;
			buildSettings = {
				ALWAYS_SEARCH_USER_PATHS = NO;
				COPY_PHASE_STRIP = NO;
				GCC_DYNAMIC_NO_PIC = NO;
				GCC_OPTIMIZATION_LEVEL = 0;
				HEADER_SEARCH_PATHS = "\"$CONFIGURATION_BUILD_DIR\"/usr/**";
				PREBINDING = NO;
				PRIVATE_HEADERS_FOLDER_PATH = $PUBLIC_HEADERS_FOLDER_PATH/private;
				PRODUCT_NAME = ObjectiveXMPP;
				PUBLIC_HEADERS_FOLDER_PATH = "/usr/local/include/$(PRODUCT_NAME)";
			};
			name = Debug;
		};
		532A42DE0FB4B519006E409F /* Release */ = {
			isa = XCBuildConfiguration;
			buildSettings = {
				ALWAYS_SEARCH_USER_PATHS = NO;
				COPY_PHASE_STRIP = YES;
				DEBUG_INFORMATION_FORMAT = "dwarf-with-dsym";
				GCC_ENABLE_FIX_AND_CONTINUE = NO;
				HEADER_SEARCH_PATHS = "\"$CONFIGURATION_BUILD_DIR\"/usr/**";
				PREBINDING = NO;
				PRIVATE_HEADERS_FOLDER_PATH = $PUBLIC_HEADERS_FOLDER_PATH/private;
				PRODUCT_NAME = ObjectiveXMPP;
				PUBLIC_HEADERS_FOLDER_PATH = "/usr/local/include/$(PRODUCT_NAME)";
				ZERO_LINK = NO;
			};
			name = Release;
		};
/* End XCBuildConfiguration section */

/* Begin XCConfigurationList section */
		1DEB91AD08733DA50010E9CD /* Build configuration list for PBXNativeTarget "ObjectiveXMPP" */ = {
			isa = XCConfigurationList;
			buildConfigurations = (
				1DEB91AE08733DA50010E9CD /* Debug */,
				1DEB91AF08733DA50010E9CD /* Release */,
			);
			defaultConfigurationIsVisible = 0;
			defaultConfigurationName = Release;
		};
		1DEB91B108733DA50010E9CD /* Build configuration list for PBXProject "ObjectiveXMPP" */ = {
			isa = XCConfigurationList;
			buildConfigurations = (
				1DEB91B208733DA50010E9CD /* Debug */,
				1DEB91B308733DA50010E9CD /* Release */,
			);
			defaultConfigurationIsVisible = 0;
			defaultConfigurationName = Release;
		};
		532A42FF0FB4B54B006E409F /* Build configuration list for PBXNativeTarget "ObjectiveXMPP Touch" */ = {
			isa = XCConfigurationList;
			buildConfigurations = (
				532A42DD0FB4B519006E409F /* Debug */,
				532A42DE0FB4B519006E409F /* Release */,
			);
			defaultConfigurationIsVisible = 0;
			defaultConfigurationName = Release;
		};
/* End XCConfigurationList section */
	};
	rootObject = 0867D690FE84028FC02AAC07 /* Project object */;
}
