// !$*UTF8*$!
{
	archiveVersion = 1;
	classes = {
	};
	objectVersion = 46;
	objects = {

/* Begin PBXBuildFile section */
		530457561000122F00EA4C1E /* AFXMPPMessage.h in Headers */ = {isa = PBXBuildFile; fileRef = 530457541000122F00EA4C1E /* AFXMPPMessage.h */; settings = {ATTRIBUTES = (Public, ); }; };
		530457571000122F00EA4C1E /* AFXMPPMessage.m in Sources */ = {isa = PBXBuildFile; fileRef = 530457551000122F00EA4C1E /* AFXMPPMessage.m */; };
		530457581000122F00EA4C1E /* AFXMPPMessage.h in Headers */ = {isa = PBXBuildFile; fileRef = 530457541000122F00EA4C1E /* AFXMPPMessage.h */; settings = {ATTRIBUTES = (Public, ); }; };
		530457591000122F00EA4C1E /* AFXMPPMessage.m in Sources */ = {isa = PBXBuildFile; fileRef = 530457551000122F00EA4C1E /* AFXMPPMessage.m */; };
		532A42920FB4B495006E409F /* AFXMPPConnection.h in Headers */ = {isa = PBXBuildFile; fileRef = 532A428C0FB4B495006E409F /* AFXMPPConnection.h */; settings = {ATTRIBUTES = (Public, ); }; };
		532A42930FB4B495006E409F /* AFXMPPConnection.m in Sources */ = {isa = PBXBuildFile; fileRef = 532A428D0FB4B495006E409F /* AFXMPPConnection.m */; };
		532A42940FB4B495006E409F /* AFXMPPServer.h in Headers */ = {isa = PBXBuildFile; fileRef = 532A428E0FB4B495006E409F /* AFXMPPServer.h */; settings = {ATTRIBUTES = (Public, ); }; };
		532A42950FB4B495006E409F /* AFXMPPServer.m in Sources */ = {isa = PBXBuildFile; fileRef = 532A428F0FB4B495006E409F /* AFXMPPServer.m */; };
		532A42960FB4B495006E409F /* AFXMPPDigestAuthentication.h in Headers */ = {isa = PBXBuildFile; fileRef = 532A42900FB4B495006E409F /* AFXMPPDigestAuthentication.h */; settings = {ATTRIBUTES = (Public, ); }; };
		532A42970FB4B495006E409F /* AFXMPPDigestAuthentication.m in Sources */ = {isa = PBXBuildFile; fileRef = 532A42910FB4B495006E409F /* AFXMPPDigestAuthentication.m */; };
		532A429A0FB4B4A4006E409F /* AFXMPPRoster.h in Headers */ = {isa = PBXBuildFile; fileRef = 532A42980FB4B4A4006E409F /* AFXMPPRoster.h */; settings = {ATTRIBUTES = (Public, ); }; };
		532A429B0FB4B4A4006E409F /* AFXMPPRoster.m in Sources */ = {isa = PBXBuildFile; fileRef = 532A42990FB4B4A4006E409F /* AFXMPPRoster.m */; };
		532A429F0FB4B4B3006E409F /* AFXMPPChatService.h in Headers */ = {isa = PBXBuildFile; fileRef = 532A429D0FB4B4B3006E409F /* AFXMPPChatService.h */; settings = {ATTRIBUTES = (Public, ); }; };
		532A42A00FB4B4B3006E409F /* AFXMPPChatService.m in Sources */ = {isa = PBXBuildFile; fileRef = 532A429E0FB4B4B3006E409F /* AFXMPPChatService.m */; };
		532A42EB0FB4B540006E409F /* AFXMPPChatService.h in Headers */ = {isa = PBXBuildFile; fileRef = 532A429D0FB4B4B3006E409F /* AFXMPPChatService.h */; settings = {ATTRIBUTES = (Public, ); }; };
		532A42EC0FB4B541006E409F /* AFXMPPChatService.m in Sources */ = {isa = PBXBuildFile; fileRef = 532A429E0FB4B4B3006E409F /* AFXMPPChatService.m */; };
		532A42ED0FB4B541006E409F /* AFXMPPConnection.h in Headers */ = {isa = PBXBuildFile; fileRef = 532A428C0FB4B495006E409F /* AFXMPPConnection.h */; settings = {ATTRIBUTES = (Public, ); }; };
		532A42EE0FB4B542006E409F /* AFXMPPConnection.m in Sources */ = {isa = PBXBuildFile; fileRef = 532A428D0FB4B495006E409F /* AFXMPPConnection.m */; };
		532A42EF0FB4B542006E409F /* AFXMPPDigestAuthentication.h in Headers */ = {isa = PBXBuildFile; fileRef = 532A42900FB4B495006E409F /* AFXMPPDigestAuthentication.h */; settings = {ATTRIBUTES = (Public, ); }; };
		532A42F00FB4B543006E409F /* AFXMPPDigestAuthentication.m in Sources */ = {isa = PBXBuildFile; fileRef = 532A42910FB4B495006E409F /* AFXMPPDigestAuthentication.m */; };
		532A42F10FB4B543006E409F /* AFXMPPRoster.h in Headers */ = {isa = PBXBuildFile; fileRef = 532A42980FB4B4A4006E409F /* AFXMPPRoster.h */; settings = {ATTRIBUTES = (Public, ); }; };
		532A42F20FB4B543006E409F /* AFXMPPRoster.m in Sources */ = {isa = PBXBuildFile; fileRef = 532A42990FB4B4A4006E409F /* AFXMPPRoster.m */; };
		532A42F30FB4B544006E409F /* AFXMPPServer.h in Headers */ = {isa = PBXBuildFile; fileRef = 532A428E0FB4B495006E409F /* AFXMPPServer.h */; settings = {ATTRIBUTES = (Public, ); }; };
		532A42F40FB4B544006E409F /* AFXMPPServer.m in Sources */ = {isa = PBXBuildFile; fileRef = 532A428F0FB4B495006E409F /* AFXMPPServer.m */; };
		532A44250FB4B80E006E409F /* ObjectiveXMPP.h in Headers */ = {isa = PBXBuildFile; fileRef = 532A44230FB4B80E006E409F /* ObjectiveXMPP.h */; settings = {ATTRIBUTES = (Public, ); }; };
		532A44270FB4B80E006E409F /* ObjectiveXMPP.h in Headers */ = {isa = PBXBuildFile; fileRef = 532A44230FB4B80E006E409F /* ObjectiveXMPP.h */; settings = {ATTRIBUTES = (Public, ); }; };
		532A442B0FB4B850006E409F /* Foundation.framework in Frameworks */ = {isa = PBXBuildFile; fileRef = 0867D69BFE84028FC02AAC07 /* Foundation.framework */; };
		532A442C0FB4B855006E409F /* Foundation.framework in Frameworks */ = {isa = PBXBuildFile; fileRef = 0867D69BFE84028FC02AAC07 /* Foundation.framework */; };
		535576EE104B03A700CE2C86 /* _AFXMPPForwarder.h in Headers */ = {isa = PBXBuildFile; fileRef = 535576EC104B03A700CE2C86 /* _AFXMPPForwarder.h */; };
		535576EF104B03A700CE2C86 /* _AFXMPPForwarder.m in Sources */ = {isa = PBXBuildFile; fileRef = 535576ED104B03A700CE2C86 /* _AFXMPPForwarder.m */; };
		535576F0104B03A700CE2C86 /* _AFXMPPForwarder.h in Headers */ = {isa = PBXBuildFile; fileRef = 535576EC104B03A700CE2C86 /* _AFXMPPForwarder.h */; };
		535576F1104B03A700CE2C86 /* _AFXMPPForwarder.m in Sources */ = {isa = PBXBuildFile; fileRef = 535576ED104B03A700CE2C86 /* _AFXMPPForwarder.m */; };
		535576F5104B03D700CE2C86 /* ObjectiveXMPP.m in Sources */ = {isa = PBXBuildFile; fileRef = 535576F4104B03D700CE2C86 /* ObjectiveXMPP.m */; };
		535576F6104B03D700CE2C86 /* ObjectiveXMPP.m in Sources */ = {isa = PBXBuildFile; fileRef = 535576F4104B03D700CE2C86 /* ObjectiveXMPP.m */; };
		535579BF104C3F3D00CE2C86 /* NSXMLNode+AFXMPPAdditions.h in Headers */ = {isa = PBXBuildFile; fileRef = 535579BD104C3F3D00CE2C86 /* NSXMLNode+AFXMPPAdditions.h */; settings = {ATTRIBUTES = (Public, ); }; };
		535579C0104C3F3D00CE2C86 /* NSXMLNode+AFXMPPAdditions.m in Sources */ = {isa = PBXBuildFile; fileRef = 535579BE104C3F3D00CE2C86 /* NSXMLNode+AFXMPPAdditions.m */; };
		53E10AAC0FF968E5006E39CF /* AFXMPPConstants.h in Headers */ = {isa = PBXBuildFile; fileRef = 53E10AAA0FF968E5006E39CF /* AFXMPPConstants.h */; settings = {ATTRIBUTES = (Public, ); }; };
		53E10AAD0FF968E5006E39CF /* AFXMPPConstants.m in Sources */ = {isa = PBXBuildFile; fileRef = 53E10AAB0FF968E5006E39CF /* AFXMPPConstants.m */; };
		53E10AAE0FF968E5006E39CF /* AFXMPPConstants.h in Headers */ = {isa = PBXBuildFile; fileRef = 53E10AAA0FF968E5006E39CF /* AFXMPPConstants.h */; settings = {ATTRIBUTES = (Public, ); }; };
		53E10AAF0FF968E5006E39CF /* AFXMPPConstants.m in Sources */ = {isa = PBXBuildFile; fileRef = 53E10AAB0FF968E5006E39CF /* AFXMPPConstants.m */; };
		53E650FE1269D69C0071D8F1 /* AmberFoundation.framework in Frameworks */ = {isa = PBXBuildFile; fileRef = 53E650E41269D6740071D8F1 /* AmberFoundation.framework */; };
		53E650FF1269D69C0071D8F1 /* CoreNetworking.framework in Frameworks */ = {isa = PBXBuildFile; fileRef = 53E650F11269D67F0071D8F1 /* CoreNetworking.framework */; };
		8DC2EF530486A6940098B216 /* InfoPlist.strings in Resources */ = {isa = PBXBuildFile; fileRef = 089C1666FE841158C02AAC07 /* InfoPlist.strings */; };
/* End PBXBuildFile section */

/* Begin PBXContainerItemProxy section */
		53E650E31269D6740071D8F1 /* PBXContainerItemProxy */ = {
			isa = PBXContainerItemProxy;
			containerPortal = 53E650D21269D6740071D8F1 /* AmberFoundation.xcodeproj */;
			proxyType = 2;
			remoteGlobalIDString = 539A60C30D2698B7001CD14A;
			remoteInfo = AmberFoundation;
		};
		53E650E51269D6740071D8F1 /* PBXContainerItemProxy */ = {
			isa = PBXContainerItemProxy;
			containerPortal = 53E650D21269D6740071D8F1 /* AmberFoundation.xcodeproj */;
			proxyType = 2;
			remoteGlobalIDString = 532F73DE0F0EB1AA004D6056;
			remoteInfo = "AmberFoundation Touch";
		};
		53E650F01269D67F0071D8F1 /* PBXContainerItemProxy */ = {
			isa = PBXContainerItemProxy;
			containerPortal = 53E650E71269D67F0071D8F1 /* CoreNetworking.xcodeproj */;
			proxyType = 2;
			remoteGlobalIDString = 5370E0710F5B0571008F5991;
			remoteInfo = CoreNetworking;
		};
		53E650F21269D67F0071D8F1 /* PBXContainerItemProxy */ = {
			isa = PBXContainerItemProxy;
			containerPortal = 53E650E71269D67F0071D8F1 /* CoreNetworking.xcodeproj */;
			proxyType = 2;
			remoteGlobalIDString = 53BEF6A10F5B6A2700063B8D;
			remoteInfo = "CoreNetworking Touch";
		};
		53E650F41269D6890071D8F1 /* PBXContainerItemProxy */ = {
			isa = PBXContainerItemProxy;
			containerPortal = 53E650D21269D6740071D8F1 /* AmberFoundation.xcodeproj */;
			proxyType = 1;
			remoteGlobalIDString = 532F73DD0F0EB1AA004D6056;
			remoteInfo = "AmberFoundation Touch";
		};
		53E650F61269D6890071D8F1 /* PBXContainerItemProxy */ = {
			isa = PBXContainerItemProxy;
			containerPortal = 53E650E71269D67F0071D8F1 /* CoreNetworking.xcodeproj */;
			proxyType = 1;
			remoteGlobalIDString = 53BEF6A00F5B6A2700063B8D;
			remoteInfo = "CoreNetworking Touch";
		};
		53E650FA1269D6910071D8F1 /* PBXContainerItemProxy */ = {
			isa = PBXContainerItemProxy;
			containerPortal = 53E650D21269D6740071D8F1 /* AmberFoundation.xcodeproj */;
			proxyType = 1;
			remoteGlobalIDString = 539A60C20D2698B7001CD14A;
			remoteInfo = AmberFoundation;
		};
		53E650FC1269D6910071D8F1 /* PBXContainerItemProxy */ = {
			isa = PBXContainerItemProxy;
			containerPortal = 53E650E71269D67F0071D8F1 /* CoreNetworking.xcodeproj */;
			proxyType = 1;
			remoteGlobalIDString = 5370E0700F5B0571008F5991;
			remoteInfo = CoreNetworking;
		};
/* End PBXContainerItemProxy section */

/* Begin PBXFileReference section */
		0867D69BFE84028FC02AAC07 /* Foundation.framework */ = {isa = PBXFileReference; lastKnownFileType = wrapper.framework; name = Foundation.framework; path = /System/Library/Frameworks/Foundation.framework; sourceTree = "<absolute>"; };
		089C1667FE841158C02AAC07 /* English */ = {isa = PBXFileReference; fileEncoding = 10; lastKnownFileType = text.plist.strings; name = English; path = English.lproj/InfoPlist.strings; sourceTree = "<group>"; };
		32DBCF5E0370ADEE00C91783 /* ObjectiveXMPP_Prefix.pch */ = {isa = PBXFileReference; fileEncoding = 4; lastKnownFileType = sourcecode.c.h; path = ObjectiveXMPP_Prefix.pch; sourceTree = "<group>"; };
		530457541000122F00EA4C1E /* AFXMPPMessage.h */ = {isa = PBXFileReference; fileEncoding = 4; lastKnownFileType = sourcecode.c.h; path = AFXMPPMessage.h; sourceTree = "<group>"; };
		530457551000122F00EA4C1E /* AFXMPPMessage.m */ = {isa = PBXFileReference; fileEncoding = 4; lastKnownFileType = sourcecode.c.objc; path = AFXMPPMessage.m; sourceTree = "<group>"; };
		532A428C0FB4B495006E409F /* AFXMPPConnection.h */ = {isa = PBXFileReference; fileEncoding = 4; lastKnownFileType = sourcecode.c.h; path = AFXMPPConnection.h; sourceTree = "<group>"; };
		532A428D0FB4B495006E409F /* AFXMPPConnection.m */ = {isa = PBXFileReference; fileEncoding = 4; lastKnownFileType = sourcecode.c.objc; path = AFXMPPConnection.m; sourceTree = "<group>"; };
		532A428E0FB4B495006E409F /* AFXMPPServer.h */ = {isa = PBXFileReference; fileEncoding = 4; lastKnownFileType = sourcecode.c.h; path = AFXMPPServer.h; sourceTree = "<group>"; };
		532A428F0FB4B495006E409F /* AFXMPPServer.m */ = {isa = PBXFileReference; fileEncoding = 4; lastKnownFileType = sourcecode.c.objc; path = AFXMPPServer.m; sourceTree = "<group>"; };
		532A42900FB4B495006E409F /* AFXMPPDigestAuthentication.h */ = {isa = PBXFileReference; fileEncoding = 4; lastKnownFileType = sourcecode.c.h; path = AFXMPPDigestAuthentication.h; sourceTree = "<group>"; };
		532A42910FB4B495006E409F /* AFXMPPDigestAuthentication.m */ = {isa = PBXFileReference; fileEncoding = 4; lastKnownFileType = sourcecode.c.objc; path = AFXMPPDigestAuthentication.m; sourceTree = "<group>"; };
		532A42980FB4B4A4006E409F /* AFXMPPRoster.h */ = {isa = PBXFileReference; fileEncoding = 4; lastKnownFileType = sourcecode.c.h; path = AFXMPPRoster.h; sourceTree = "<group>"; };
		532A42990FB4B4A4006E409F /* AFXMPPRoster.m */ = {isa = PBXFileReference; fileEncoding = 4; lastKnownFileType = sourcecode.c.objc; path = AFXMPPRoster.m; sourceTree = "<group>"; };
		532A429D0FB4B4B3006E409F /* AFXMPPChatService.h */ = {isa = PBXFileReference; fileEncoding = 4; lastKnownFileType = sourcecode.c.h; path = AFXMPPChatService.h; sourceTree = "<group>"; };
		532A429E0FB4B4B3006E409F /* AFXMPPChatService.m */ = {isa = PBXFileReference; fileEncoding = 4; lastKnownFileType = sourcecode.c.objc; path = AFXMPPChatService.m; sourceTree = "<group>"; };
		532A42DC0FB4B519006E409F /* libObjectiveXMPP.a */ = {isa = PBXFileReference; explicitFileType = archive.ar; includeInIndex = 0; path = libObjectiveXMPP.a; sourceTree = BUILT_PRODUCTS_DIR; };
		532A44230FB4B80E006E409F /* ObjectiveXMPP.h */ = {isa = PBXFileReference; fileEncoding = 4; lastKnownFileType = sourcecode.c.h; path = ObjectiveXMPP.h; sourceTree = "<group>"; };
		535576EC104B03A700CE2C86 /* _AFXMPPForwarder.h */ = {isa = PBXFileReference; fileEncoding = 4; lastKnownFileType = sourcecode.c.h; path = _AFXMPPForwarder.h; sourceTree = "<group>"; };
		535576ED104B03A700CE2C86 /* _AFXMPPForwarder.m */ = {isa = PBXFileReference; fileEncoding = 4; lastKnownFileType = sourcecode.c.objc; path = _AFXMPPForwarder.m; sourceTree = "<group>"; };
		535576F4104B03D700CE2C86 /* ObjectiveXMPP.m */ = {isa = PBXFileReference; fileEncoding = 4; lastKnownFileType = sourcecode.c.objc; path = ObjectiveXMPP.m; sourceTree = "<group>"; };
		535579BD104C3F3D00CE2C86 /* NSXMLNode+AFXMPPAdditions.h */ = {isa = PBXFileReference; fileEncoding = 4; lastKnownFileType = sourcecode.c.h; path = "NSXMLNode+AFXMPPAdditions.h"; sourceTree = "<group>"; };
		535579BE104C3F3D00CE2C86 /* NSXMLNode+AFXMPPAdditions.m */ = {isa = PBXFileReference; fileEncoding = 4; lastKnownFileType = sourcecode.c.objc; path = "NSXMLNode+AFXMPPAdditions.m"; sourceTree = "<group>"; };
		53E10AAA0FF968E5006E39CF /* AFXMPPConstants.h */ = {isa = PBXFileReference; fileEncoding = 4; lastKnownFileType = sourcecode.c.h; path = AFXMPPConstants.h; sourceTree = "<group>"; };
		53E10AAB0FF968E5006E39CF /* AFXMPPConstants.m */ = {isa = PBXFileReference; fileEncoding = 4; lastKnownFileType = sourcecode.c.objc; path = AFXMPPConstants.m; sourceTree = "<group>"; };
		53E650D21269D6740071D8F1 /* AmberFoundation.xcodeproj */ = {isa = PBXFileReference; lastKnownFileType = "wrapper.pb-project"; name = AmberFoundation.xcodeproj; path = ../Amber/AmberFoundation/AmberFoundation.xcodeproj; sourceTree = SOURCE_ROOT; };
		53E650E71269D67F0071D8F1 /* CoreNetworking.xcodeproj */ = {isa = PBXFileReference; lastKnownFileType = "wrapper.pb-project"; name = CoreNetworking.xcodeproj; path = ../Amber/CoreNetworking/CoreNetworking.xcodeproj; sourceTree = SOURCE_ROOT; };
		8DC2EF5A0486A6940098B216 /* Info.plist */ = {isa = PBXFileReference; fileEncoding = 4; lastKnownFileType = text.plist.xml; path = Info.plist; sourceTree = "<group>"; };
		8DC2EF5B0486A6940098B216 /* ObjectiveXMPP.framework */ = {isa = PBXFileReference; explicitFileType = wrapper.framework; includeInIndex = 0; path = ObjectiveXMPP.framework; sourceTree = BUILT_PRODUCTS_DIR; };
/* End PBXFileReference section */

/* Begin PBXFrameworksBuildPhase section */
		532A42DA0FB4B519006E409F /* Frameworks */ = {
			isa = PBXFrameworksBuildPhase;
			buildActionMask = 2147483647;
			files = (
				532A442C0FB4B855006E409F /* Foundation.framework in Frameworks */,
			);
			runOnlyForDeploymentPostprocessing = 0;
		};
		8DC2EF560486A6940098B216 /* Frameworks */ = {
			isa = PBXFrameworksBuildPhase;
			buildActionMask = 2147483647;
			files = (
				53E650FE1269D69C0071D8F1 /* AmberFoundation.framework in Frameworks */,
				53E650FF1269D69C0071D8F1 /* CoreNetworking.framework in Frameworks */,
				532A442B0FB4B850006E409F /* Foundation.framework in Frameworks */,
			);
			runOnlyForDeploymentPostprocessing = 0;
		};
/* End PBXFrameworksBuildPhase section */

/* Begin PBXGroup section */
		034768DFFF38A50411DB9C8B /* Products */ = {
			isa = PBXGroup;
			children = (
				8DC2EF5B0486A6940098B216 /* ObjectiveXMPP.framework */,
				532A42DC0FB4B519006E409F /* libObjectiveXMPP.a */,
			);
			name = Products;
			sourceTree = "<group>";
		};
		0867D691FE84028FC02AAC07 /* AmberXMPP */ = {
			isa = PBXGroup;
			children = (
				538FEB0E0FFC1C73002C28D5 /* Core */,
				08FB77AEFE84172EC02AAC07 /* Auxiliary */,
				535576F7104B03DF00CE2C86 /* Private */,
				535579BC104C3F2B00CE2C86 /* Categories */,
				32C88DFF0371C24200C91783 /* Other Sources */,
				089C1665FE841158C02AAC07 /* Resources */,
				0867D69AFE84028FC02AAC07 /* Frameworks */,
				034768DFFF38A50411DB9C8B /* Products */,
			);
			name = AmberXMPP;
			sourceTree = "<group>";
		};
		0867D69AFE84028FC02AAC07 /* Frameworks */ = {
			isa = PBXGroup;
			children = (
				53E650D21269D6740071D8F1 /* AmberFoundation.xcodeproj */,
				53E650E71269D67F0071D8F1 /* CoreNetworking.xcodeproj */,
				0867D69BFE84028FC02AAC07 /* Foundation.framework */,
			);
			name = Frameworks;
			sourceTree = "<group>";
		};
		089C1665FE841158C02AAC07 /* Resources */ = {
			isa = PBXGroup;
			children = (
				8DC2EF5A0486A6940098B216 /* Info.plist */,
				089C1666FE841158C02AAC07 /* InfoPlist.strings */,
			);
			name = Resources;
			sourceTree = "<group>";
		};
		08FB77AEFE84172EC02AAC07 /* Auxiliary */ = {
			isa = PBXGroup;
			children = (
				532A429D0FB4B4B3006E409F /* AFXMPPChatService.h */,
				532A429E0FB4B4B3006E409F /* AFXMPPChatService.m */,
				532A42980FB4B4A4006E409F /* AFXMPPRoster.h */,
				532A42990FB4B4A4006E409F /* AFXMPPRoster.m */,
				532A42900FB4B495006E409F /* AFXMPPDigestAuthentication.h */,
				532A42910FB4B495006E409F /* AFXMPPDigestAuthentication.m */,
				530457541000122F00EA4C1E /* AFXMPPMessage.h */,
				530457551000122F00EA4C1E /* AFXMPPMessage.m */,
				53E10AAA0FF968E5006E39CF /* AFXMPPConstants.h */,
				53E10AAB0FF968E5006E39CF /* AFXMPPConstants.m */,
			);
			name = Auxiliary;
			sourceTree = "<group>";
		};
		32C88DFF0371C24200C91783 /* Other Sources */ = {
			isa = PBXGroup;
			children = (
				532A44230FB4B80E006E409F /* ObjectiveXMPP.h */,
				535576F4104B03D700CE2C86 /* ObjectiveXMPP.m */,
				32DBCF5E0370ADEE00C91783 /* ObjectiveXMPP_Prefix.pch */,
			);
			name = "Other Sources";
			sourceTree = "<group>";
		};
		535576F7104B03DF00CE2C86 /* Private */ = {
			isa = PBXGroup;
			children = (
				535576EC104B03A700CE2C86 /* _AFXMPPForwarder.h */,
				535576ED104B03A700CE2C86 /* _AFXMPPForwarder.m */,
			);
			name = Private;
			sourceTree = "<group>";
		};
		535579BC104C3F2B00CE2C86 /* Categories */ = {
			isa = PBXGroup;
			children = (
				535579BD104C3F3D00CE2C86 /* NSXMLNode+AFXMPPAdditions.h */,
				535579BE104C3F3D00CE2C86 /* NSXMLNode+AFXMPPAdditions.m */,
			);
			name = Categories;
			sourceTree = "<group>";
		};
		538FEB0E0FFC1C73002C28D5 /* Core */ = {
			isa = PBXGroup;
			children = (
				532A428C0FB4B495006E409F /* AFXMPPConnection.h */,
				532A428D0FB4B495006E409F /* AFXMPPConnection.m */,
				532A428E0FB4B495006E409F /* AFXMPPServer.h */,
				532A428F0FB4B495006E409F /* AFXMPPServer.m */,
			);
			name = Core;
			sourceTree = "<group>";
		};
		53E650D31269D6740071D8F1 /* Products */ = {
			isa = PBXGroup;
			children = (
				53E650E41269D6740071D8F1 /* AmberFoundation.framework */,
				53E650E61269D6740071D8F1 /* libAmberFoundation.a */,
			);
			name = Products;
			sourceTree = "<group>";
		};
		53E650E81269D67F0071D8F1 /* Products */ = {
			isa = PBXGroup;
			children = (
				53E650F11269D67F0071D8F1 /* CoreNetworking.framework */,
				53E650F31269D67F0071D8F1 /* libCoreNetworking.a */,
			);
			name = Products;
			sourceTree = "<group>";
		};
/* End PBXGroup section */

/* Begin PBXHeadersBuildPhase section */
		532A42D80FB4B519006E409F /* Headers */ = {
			isa = PBXHeadersBuildPhase;
			buildActionMask = 2147483647;
			files = (
				532A42EB0FB4B540006E409F /* AFXMPPChatService.h in Headers */,
				532A42ED0FB4B541006E409F /* AFXMPPConnection.h in Headers */,
				532A42EF0FB4B542006E409F /* AFXMPPDigestAuthentication.h in Headers */,
				532A42F10FB4B543006E409F /* AFXMPPRoster.h in Headers */,
				532A42F30FB4B544006E409F /* AFXMPPServer.h in Headers */,
				532A44270FB4B80E006E409F /* ObjectiveXMPP.h in Headers */,
				53E10AAC0FF968E5006E39CF /* AFXMPPConstants.h in Headers */,
				530457581000122F00EA4C1E /* AFXMPPMessage.h in Headers */,
				535576F0104B03A700CE2C86 /* _AFXMPPForwarder.h in Headers */,
			);
			runOnlyForDeploymentPostprocessing = 0;
		};
		8DC2EF500486A6940098B216 /* Headers */ = {
			isa = PBXHeadersBuildPhase;
			buildActionMask = 2147483647;
			files = (
				532A42920FB4B495006E409F /* AFXMPPConnection.h in Headers */,
				532A42940FB4B495006E409F /* AFXMPPServer.h in Headers */,
				532A42960FB4B495006E409F /* AFXMPPDigestAuthentication.h in Headers */,
				532A429A0FB4B4A4006E409F /* AFXMPPRoster.h in Headers */,
				532A429F0FB4B4B3006E409F /* AFXMPPChatService.h in Headers */,
				532A44250FB4B80E006E409F /* ObjectiveXMPP.h in Headers */,
				53E10AAE0FF968E5006E39CF /* AFXMPPConstants.h in Headers */,
				530457561000122F00EA4C1E /* AFXMPPMessage.h in Headers */,
				535576EE104B03A700CE2C86 /* _AFXMPPForwarder.h in Headers */,
				535579BF104C3F3D00CE2C86 /* NSXMLNode+AFXMPPAdditions.h in Headers */,
			);
			runOnlyForDeploymentPostprocessing = 0;
		};
/* End PBXHeadersBuildPhase section */

/* Begin PBXNativeTarget section */
		532A42DB0FB4B519006E409F /* ObjectiveXMPP Touch */ = {
			isa = PBXNativeTarget;
			buildConfigurationList = 532A42FF0FB4B54B006E409F /* Build configuration list for PBXNativeTarget "ObjectiveXMPP Touch" */;
			buildPhases = (
				532A42D80FB4B519006E409F /* Headers */,
				532A42D90FB4B519006E409F /* Sources */,
				532A42DA0FB4B519006E409F /* Frameworks */,
			);
			buildRules = (
			);
			dependencies = (
				53E650F51269D6890071D8F1 /* PBXTargetDependency */,
				53E650F71269D6890071D8F1 /* PBXTargetDependency */,
			);
			name = "ObjectiveXMPP Touch";
			productName = "AmberXMPP Touch";
			productReference = 532A42DC0FB4B519006E409F /* libObjectiveXMPP.a */;
			productType = "com.apple.product-type.library.static";
		};
		8DC2EF4F0486A6940098B216 /* ObjectiveXMPP */ = {
			isa = PBXNativeTarget;
			buildConfigurationList = 1DEB91AD08733DA50010E9CD /* Build configuration list for PBXNativeTarget "ObjectiveXMPP" */;
			buildPhases = (
				8DC2EF500486A6940098B216 /* Headers */,
				8DC2EF520486A6940098B216 /* Resources */,
				8DC2EF540486A6940098B216 /* Sources */,
				8DC2EF560486A6940098B216 /* Frameworks */,
			);
			buildRules = (
			);
			dependencies = (
				53E650FB1269D6910071D8F1 /* PBXTargetDependency */,
				53E650FD1269D6910071D8F1 /* PBXTargetDependency */,
			);
			name = ObjectiveXMPP;
			productInstallPath = "$(HOME)/Library/Frameworks";
			productName = AmberXMPP;
			productReference = 8DC2EF5B0486A6940098B216 /* ObjectiveXMPP.framework */;
			productType = "com.apple.product-type.framework";
		};
/* End PBXNativeTarget section */

/* Begin PBXProject section */
		0867D690FE84028FC02AAC07 /* Project object */ = {
			isa = PBXProject;
			attributes = {
				BuildIndependentTargetsInParallel = YES;
				ORGANIZATIONNAME = "Keith Duncan";
			};
			buildConfigurationList = 1DEB91B108733DA50010E9CD /* Build configuration list for PBXProject "ObjectiveXMPP" */;
			compatibilityVersion = "Xcode 3.2";
			developmentRegion = English;
			hasScannedForEncodings = 1;
			knownRegions = (
				English,
				Japanese,
				French,
				German,
			);
			mainGroup = 0867D691FE84028FC02AAC07 /* AmberXMPP */;
			productRefGroup = 034768DFFF38A50411DB9C8B /* Products */;
			projectDirPath = "";
			projectReferences = (
				{
					ProductGroup = 53E650D31269D6740071D8F1 /* Products */;
					ProjectRef = 53E650D21269D6740071D8F1 /* AmberFoundation.xcodeproj */;
				},
				{
					ProductGroup = 53E650E81269D67F0071D8F1 /* Products */;
					ProjectRef = 53E650E71269D67F0071D8F1 /* CoreNetworking.xcodeproj */;
				},
			);
			projectRoot = "";
			targets = (
				8DC2EF4F0486A6940098B216 /* ObjectiveXMPP */,
				532A42DB0FB4B519006E409F /* ObjectiveXMPP Touch */,
			);
		};
/* End PBXProject section */

/* Begin PBXReferenceProxy section */
		53E650E41269D6740071D8F1 /* AmberFoundation.framework */ = {
			isa = PBXReferenceProxy;
			fileType = wrapper.framework;
			path = AmberFoundation.framework;
			remoteRef = 53E650E31269D6740071D8F1 /* PBXContainerItemProxy */;
			sourceTree = BUILT_PRODUCTS_DIR;
		};
		53E650E61269D6740071D8F1 /* libAmberFoundation.a */ = {
			isa = PBXReferenceProxy;
			fileType = archive.ar;
			path = libAmberFoundation.a;
			remoteRef = 53E650E51269D6740071D8F1 /* PBXContainerItemProxy */;
			sourceTree = BUILT_PRODUCTS_DIR;
		};
		53E650F11269D67F0071D8F1 /* CoreNetworking.framework */ = {
			isa = PBXReferenceProxy;
			fileType = wrapper.framework;
			path = CoreNetworking.framework;
			remoteRef = 53E650F01269D67F0071D8F1 /* PBXContainerItemProxy */;
			sourceTree = BUILT_PRODUCTS_DIR;
		};
		53E650F31269D67F0071D8F1 /* libCoreNetworking.a */ = {
			isa = PBXReferenceProxy;
			fileType = archive.ar;
			path = libCoreNetworking.a;
			remoteRef = 53E650F21269D67F0071D8F1 /* PBXContainerItemProxy */;
			sourceTree = BUILT_PRODUCTS_DIR;
		};
/* End PBXReferenceProxy section */

/* Begin PBXResourcesBuildPhase section */
		8DC2EF520486A6940098B216 /* Resources */ = {
			isa = PBXResourcesBuildPhase;
			buildActionMask = 2147483647;
			files = (
				8DC2EF530486A6940098B216 /* InfoPlist.strings in Resources */,
			);
			runOnlyForDeploymentPostprocessing = 0;
		};
/* End PBXResourcesBuildPhase section */

/* Begin PBXSourcesBuildPhase section */
		532A42D90FB4B519006E409F /* Sources */ = {
			isa = PBXSourcesBuildPhase;
			buildActionMask = 2147483647;
			files = (
				532A42EC0FB4B541006E409F /* AFXMPPChatService.m in Sources */,
				532A42EE0FB4B542006E409F /* AFXMPPConnection.m in Sources */,
				532A42F00FB4B543006E409F /* AFXMPPDigestAuthentication.m in Sources */,
				532A42F20FB4B543006E409F /* AFXMPPRoster.m in Sources */,
				532A42F40FB4B544006E409F /* AFXMPPServer.m in Sources */,
				53E10AAD0FF968E5006E39CF /* AFXMPPConstants.m in Sources */,
				530457591000122F00EA4C1E /* AFXMPPMessage.m in Sources */,
				535576F1104B03A700CE2C86 /* _AFXMPPForwarder.m in Sources */,
				535576F6104B03D700CE2C86 /* ObjectiveXMPP.m in Sources */,
			);
			runOnlyForDeploymentPostprocessing = 0;
		};
		8DC2EF540486A6940098B216 /* Sources */ = {
			isa = PBXSourcesBuildPhase;
			buildActionMask = 2147483647;
			files = (
				532A42930FB4B495006E409F /* AFXMPPConnection.m in Sources */,
				532A42950FB4B495006E409F /* AFXMPPServer.m in Sources */,
				532A42970FB4B495006E409F /* AFXMPPDigestAuthentication.m in Sources */,
				532A429B0FB4B4A4006E409F /* AFXMPPRoster.m in Sources */,
				532A42A00FB4B4B3006E409F /* AFXMPPChatService.m in Sources */,
				53E10AAF0FF968E5006E39CF /* AFXMPPConstants.m in Sources */,
				530457571000122F00EA4C1E /* AFXMPPMessage.m in Sources */,
				535576EF104B03A700CE2C86 /* _AFXMPPForwarder.m in Sources */,
				535576F5104B03D700CE2C86 /* ObjectiveXMPP.m in Sources */,
				535579C0104C3F3D00CE2C86 /* NSXMLNode+AFXMPPAdditions.m in Sources */,
			);
			runOnlyForDeploymentPostprocessing = 0;
		};
/* End PBXSourcesBuildPhase section */

/* Begin PBXTargetDependency section */
		53E650F51269D6890071D8F1 /* PBXTargetDependency */ = {
			isa = PBXTargetDependency;
			name = "AmberFoundation Touch";
			targetProxy = 53E650F41269D6890071D8F1 /* PBXContainerItemProxy */;
		};
		53E650F71269D6890071D8F1 /* PBXTargetDependency */ = {
			isa = PBXTargetDependency;
			name = "CoreNetworking Touch";
			targetProxy = 53E650F61269D6890071D8F1 /* PBXContainerItemProxy */;
		};
		53E650FB1269D6910071D8F1 /* PBXTargetDependency */ = {
			isa = PBXTargetDependency;
			name = AmberFoundation;
			targetProxy = 53E650FA1269D6910071D8F1 /* PBXContainerItemProxy */;
		};
		53E650FD1269D6910071D8F1 /* PBXTargetDependency */ = {
			isa = PBXTargetDependency;
			name = CoreNetworking;
			targetProxy = 53E650FC1269D6910071D8F1 /* PBXContainerItemProxy */;
		};
/* End PBXTargetDependency section */

/* Begin PBXVariantGroup section */
		089C1666FE841158C02AAC07 /* InfoPlist.strings */ = {
			isa = PBXVariantGroup;
			children = (
				089C1667FE841158C02AAC07 /* English */,
			);
			name = InfoPlist.strings;
			sourceTree = "<group>";
		};
/* End PBXVariantGroup section */

/* Begin XCBuildConfiguration section */
		1DEB91AE08733DA50010E9CD /* Debug */ = {
			isa = XCBuildConfiguration;
			buildSettings = {
				ALWAYS_SEARCH_USER_PATHS = NO;
				COPY_PHASE_STRIP = NO;
				DYLIB_COMPATIBILITY_VERSION = 1;
				DYLIB_CURRENT_VERSION = 1;
				FRAMEWORK_VERSION = A;
				GCC_DYNAMIC_NO_PIC = NO;
				GCC_ENABLE_FIX_AND_CONTINUE = YES;
				GCC_ENABLE_OBJC_GC = supported;
				GCC_MODEL_TUNING = G5;
				GCC_OPTIMIZATION_LEVEL = 0;
				GCC_PRECOMPILE_PREFIX_HEADER = YES;
				GCC_PREFIX_HEADER = ObjectiveXMPP_Prefix.pch;
				HEADER_SEARCH_PATHS = "/usr/include/libxml2/**";
				INFOPLIST_FILE = Info.plist;
				INSTALL_PATH = "@rpath/";
				OTHER_LDFLAGS = "-lxml2";
				PRODUCT_NAME = ObjectiveXMPP;
				WRAPPER_EXTENSION = framework;
			};
			name = Debug;
		};
		1DEB91AF08733DA50010E9CD /* Release */ = {
			isa = XCBuildConfiguration;
			buildSettings = {
				ALWAYS_SEARCH_USER_PATHS = NO;
				DEBUG_INFORMATION_FORMAT = "dwarf-with-dsym";
				DYLIB_COMPATIBILITY_VERSION = 1;
				DYLIB_CURRENT_VERSION = 1;
				FRAMEWORK_VERSION = A;
				GCC_ENABLE_OBJC_GC = supported;
				GCC_MODEL_TUNING = G5;
				GCC_PRECOMPILE_PREFIX_HEADER = YES;
				GCC_PREFIX_HEADER = ObjectiveXMPP_Prefix.pch;
				HEADER_SEARCH_PATHS = "/usr/include/libxml2/**";
				INFOPLIST_FILE = Info.plist;
				INSTALL_PATH = "@rpath/";
				OTHER_LDFLAGS = "-lxml2";
				PRODUCT_NAME = ObjectiveXMPP;
				WRAPPER_EXTENSION = framework;
			};
			name = Release;
		};
		1DEB91B208733DA50010E9CD /* Debug */ = {
			isa = XCBuildConfiguration;
			buildSettings = {
				ARCHS = (
					x86_64,
					i386,
				);
				GCC_C_LANGUAGE_STANDARD = c99;
				GCC_OPTIMIZATION_LEVEL = 0;
				GCC_VERSION = com.apple.compilers.llvmgcc42;
				GCC_WARN_ABOUT_RETURN_TYPE = YES;
				GCC_WARN_UNUSED_VARIABLE = YES;
				ONLY_ACTIVE_ARCH = YES;
				PREBINDING = NO;
				SDKROOT = macosx10.6;
			};
			name = Debug;
		};
		1DEB91B308733DA50010E9CD /* Release */ = {
			isa = XCBuildConfiguration;
			buildSettings = {
				ARCHS = (
					x86_64,
					i386,
				);
				GCC_C_LANGUAGE_STANDARD = c99;
				GCC_VERSION = com.apple.compilers.llvmgcc42;
				GCC_WARN_ABOUT_RETURN_TYPE = YES;
				GCC_WARN_UNUSED_VARIABLE = YES;
				PREBINDING = NO;
				SDKROOT = macosx10.6;
			};
			name = Release;
		};
		532A42DD0FB4B519006E409F /* Debug */ = {
			isa = XCBuildConfiguration;
			buildSettings = {
				ALWAYS_SEARCH_USER_PATHS = NO;
				COPY_PHASE_STRIP = NO;
				GCC_DYNAMIC_NO_PIC = NO;
				"GCC_ENABLE_OBJC_GC[sdk=macosx*][arch=*]" = supported;
				GCC_OPTIMIZATION_LEVEL = 0;
				GCC_PRECOMPILE_PREFIX_HEADER = YES;
				GCC_PREFIX_HEADER = ObjectiveXMPP_Prefix.pch;
				HEADER_SEARCH_PATHS = (
					"/usr/include/libxml2/**",
					"\"$CONFIGURATION_BUILD_DIR\"/usr/**",
				);
				PREBINDING = NO;
				PRIVATE_HEADERS_FOLDER_PATH = $PUBLIC_HEADERS_FOLDER_PATH/private;
				PRODUCT_NAME = ObjectiveXMPP;
				PUBLIC_HEADERS_FOLDER_PATH = "/usr/local/include/$(PRODUCT_NAME)";
			};
			name = Debug;
		};
		532A42DE0FB4B519006E409F /* Release */ = {
			isa = XCBuildConfiguration;
			buildSettings = {
				ALWAYS_SEARCH_USER_PATHS = NO;
				COPY_PHASE_STRIP = YES;
				DEBUG_INFORMATION_FORMAT = "dwarf-with-dsym";
				GCC_ENABLE_FIX_AND_CONTINUE = NO;
				"GCC_ENABLE_OBJC_GC[sdk=macosx*][arch=*]" = supported;
				GCC_PRECOMPILE_PREFIX_HEADER = YES;
				GCC_PREFIX_HEADER = ObjectiveXMPP_Prefix.pch;
				HEADER_SEARCH_PATHS = (
					"/usr/include/libxml2/**",
					"\"$CONFIGURATION_BUILD_DIR\"/usr/**",
				);
				PREBINDING = NO;
				PRIVATE_HEADERS_FOLDER_PATH = $PUBLIC_HEADERS_FOLDER_PATH/private;
				PRODUCT_NAME = ObjectiveXMPP;
				PUBLIC_HEADERS_FOLDER_PATH = "/usr/local/include/$(PRODUCT_NAME)";
			};
			name = Release;
		};
/* End XCBuildConfiguration section */

/* Begin XCConfigurationList section */
		1DEB91AD08733DA50010E9CD /* Build configuration list for PBXNativeTarget "ObjectiveXMPP" */ = {
			isa = XCConfigurationList;
			buildConfigurations = (
				1DEB91AE08733DA50010E9CD /* Debug */,
				1DEB91AF08733DA50010E9CD /* Release */,
			);
			defaultConfigurationIsVisible = 0;
			defaultConfigurationName = Release;
		};
		1DEB91B108733DA50010E9CD /* Build configuration list for PBXProject "ObjectiveXMPP" */ = {
			isa = XCConfigurationList;
			buildConfigurations = (
				1DEB91B208733DA50010E9CD /* Debug */,
				1DEB91B308733DA50010E9CD /* Release */,
			);
			defaultConfigurationIsVisible = 0;
			defaultConfigurationName = Release;
		};
		532A42FF0FB4B54B006E409F /* Build configuration list for PBXNativeTarget "ObjectiveXMPP Touch" */ = {
			isa = XCConfigurationList;
			buildConfigurations = (
				532A42DD0FB4B519006E409F /* Debug */,
				532A42DE0FB4B519006E409F /* Release */,
			);
			defaultConfigurationIsVisible = 0;
			defaultConfigurationName = Release;
		};
/* End XCConfigurationList section */
	};
	rootObject = 0867D690FE84028FC02AAC07 /* Project object */;
}
