// !$*UTF8*$!
{
	archiveVersion = 1;
	classes = {
	};
	objectVersion = 45;
	objects = {

/* Begin PBXBuildFile section */
		4526F4B40FBB52C200781DD8 /* EncodingTests.m in Sources */ = {isa = PBXBuildFile; fileRef = 4526F4B30FBB52C200781DD8 /* EncodingTests.m */; };
		456A5ED10D9F4E4800D1D9CE /* SenTestingKit.framework in Frameworks */ = {isa = PBXBuildFile; fileRef = 456A5ED00D9F4E4800D1D9CE /* SenTestingKit.framework */; };
		456A848D0D81DB25000E29C9 /* Foundation.framework in Frameworks */ = {isa = PBXBuildFile; fileRef = 1D30AB110D05D00D00671497 /* Foundation.framework */; };
		457940F30D82214700EB2D22 /* main.m in Sources */ = {isa = PBXBuildFile; fileRef = 457940E50D82214700EB2D22 /* main.m */; };
		457940F40D82214700EB2D22 /* CXMLDocument.m in Sources */ = {isa = PBXBuildFile; fileRef = 457940EC0D82214700EB2D22 /* CXMLDocument.m */; };
		457940F50D82214700EB2D22 /* CXMLElement.m in Sources */ = {isa = PBXBuildFile; fileRef = 457940EE0D82214700EB2D22 /* CXMLElement.m */; };
		457940F60D82214700EB2D22 /* CXMLNode.m in Sources */ = {isa = PBXBuildFile; fileRef = 457940F00D82214700EB2D22 /* CXMLNode.m */; };
		457940F70D82214700EB2D22 /* CXMLNode_PrivateExtensions.m in Sources */ = {isa = PBXBuildFile; fileRef = 457940F20D82214700EB2D22 /* CXMLNode_PrivateExtensions.m */; };
		457941220D8222CD00EB2D22 /* BasicTests.m in Sources */ = {isa = PBXBuildFile; fileRef = 457941210D8222CD00EB2D22 /* BasicTests.m */; };
		457941270D82245700EB2D22 /* CXMLDocument.m in Sources */ = {isa = PBXBuildFile; fileRef = 457940EC0D82214700EB2D22 /* CXMLDocument.m */; };
		457941280D82245800EB2D22 /* CXMLElement.m in Sources */ = {isa = PBXBuildFile; fileRef = 457940EE0D82214700EB2D22 /* CXMLElement.m */; };
		457941290D82245800EB2D22 /* CXMLNode.m in Sources */ = {isa = PBXBuildFile; fileRef = 457940F00D82214700EB2D22 /* CXMLNode.m */; };
		4579412A0D82245900EB2D22 /* CXMLNode_PrivateExtensions.m in Sources */ = {isa = PBXBuildFile; fileRef = 457940F20D82214700EB2D22 /* CXMLNode_PrivateExtensions.m */; };
		457941650D82264700EB2D22 /* Foundation.framework in Frameworks */ = {isa = PBXBuildFile; fileRef = 1D30AB110D05D00D00671497 /* Foundation.framework */; };
		457942380D822FEB00EB2D22 /* CXMLDocument_PrivateExtensions.m in Sources */ = {isa = PBXBuildFile; fileRef = 457942370D822FEB00EB2D22 /* CXMLDocument_PrivateExtensions.m */; };
		457943670D82473400EB2D22 /* CXMLDocument_PrivateExtensions.m in Sources */ = {isa = PBXBuildFile; fileRef = 457942370D822FEB00EB2D22 /* CXMLDocument_PrivateExtensions.m */; };
		457943950D8248DC00EB2D22 /* XPath_Tests.m in Sources */ = {isa = PBXBuildFile; fileRef = 457943940D8248DC00EB2D22 /* XPath_Tests.m */; };
		458CE91B0F9C0CE6009EF591 /* TidyTests.m in Sources */ = {isa = PBXBuildFile; fileRef = 458CE91A0F9C0CE6009EF591 /* TidyTests.m */; };
		458CE9CC0F9C12BB009EF591 /* CXMLDocument_CreationExtensions.m in Sources */ = {isa = PBXBuildFile; fileRef = 458CE9C60F9C12BB009EF591 /* CXMLDocument_CreationExtensions.m */; };
		458CE9CD0F9C12BB009EF591 /* CXMLNode_CreationExtensions.m in Sources */ = {isa = PBXBuildFile; fileRef = 458CE9C80F9C12BB009EF591 /* CXMLNode_CreationExtensions.m */; };
		458CE9CE0F9C12BB009EF591 /* CTidy.m in Sources */ = {isa = PBXBuildFile; fileRef = 458CE9CB0F9C12BB009EF591 /* CTidy.m */; };
		458CE9D10F9C12CD009EF591 /* CTidy.m in Sources */ = {isa = PBXBuildFile; fileRef = 458CE9CB0F9C12BB009EF591 /* CTidy.m */; };
		458CE9D20F9C12CE009EF591 /* CXMLNode_CreationExtensions.m in Sources */ = {isa = PBXBuildFile; fileRef = 458CE9C80F9C12BB009EF591 /* CXMLNode_CreationExtensions.m */; };
		458CE9D30F9C12CE009EF591 /* CXMLDocument_CreationExtensions.m in Sources */ = {isa = PBXBuildFile; fileRef = 458CE9C60F9C12BB009EF591 /* CXMLDocument_CreationExtensions.m */; };
		45AA86A60DAB1D08008827B0 /* CXMLNode_XPathExtensions.m in Sources */ = {isa = PBXBuildFile; fileRef = 45AA86A50DAB1D08008827B0 /* CXMLNode_XPathExtensions.m */; };
		45AA86A70DAB1D08008827B0 /* CXMLNode_XPathExtensions.m in Sources */ = {isa = PBXBuildFile; fileRef = 45AA86A50DAB1D08008827B0 /* CXMLNode_XPathExtensions.m */; };
		45D113840EC9E906005193F9 /* CXMLElement_CreationExtensions.m in Sources */ = {isa = PBXBuildFile; fileRef = 45D113810EC9E906005193F9 /* CXMLElement_CreationExtensions.m */; };
		45D113860EC9E906005193F9 /* CXMLElement_CreationExtensions.m in Sources */ = {isa = PBXBuildFile; fileRef = 45D113810EC9E906005193F9 /* CXMLElement_CreationExtensions.m */; };
		45D114E40EC9F658005193F9 /* CXMLNode_Debugging.m in Sources */ = {isa = PBXBuildFile; fileRef = 45D114E30EC9F658005193F9 /* CXMLNode_Debugging.m */; };
		45D114E50EC9F658005193F9 /* CXMLNode_Debugging.m in Sources */ = {isa = PBXBuildFile; fileRef = 45D114E30EC9F658005193F9 /* CXMLNode_Debugging.m */; };
		530454EB10000A5B00EA4C1E /* Foundation.framework in Frameworks */ = {isa = PBXBuildFile; fileRef = 1D30AB110D05D00D00671497 /* Foundation.framework */; };
		530455A010000AD800EA4C1E /* Foundation.framework in Frameworks */ = {isa = PBXBuildFile; fileRef = 1D30AB110D05D00D00671497 /* Foundation.framework */; };
		5304562110000B0400EA4C1E /* CTidy.h in Headers */ = {isa = PBXBuildFile; fileRef = 458CE9CA0F9C12BB009EF591 /* CTidy.h */; settings = {ATTRIBUTES = (Public, ); }; };
		5304562210000B0400EA4C1E /* CTidy.m in Sources */ = {isa = PBXBuildFile; fileRef = 458CE9CB0F9C12BB009EF591 /* CTidy.m */; };
		5304562310000B0500EA4C1E /* CXMLDocument.h in Headers */ = {isa = PBXBuildFile; fileRef = 457940EB0D82214700EB2D22 /* CXMLDocument.h */; settings = {ATTRIBUTES = (Public, ); }; };
		5304562410000B0500EA4C1E /* CXMLDocument.m in Sources */ = {isa = PBXBuildFile; fileRef = 457940EC0D82214700EB2D22 /* CXMLDocument.m */; };
		5304562510000B0600EA4C1E /* CXMLDocument_CreationExtensions.h in Headers */ = {isa = PBXBuildFile; fileRef = 458CE9C50F9C12BB009EF591 /* CXMLDocument_CreationExtensions.h */; settings = {ATTRIBUTES = (Public, ); }; };
		5304562610000B0600EA4C1E /* CXMLDocument_CreationExtensions.m in Sources */ = {isa = PBXBuildFile; fileRef = 458CE9C60F9C12BB009EF591 /* CXMLDocument_CreationExtensions.m */; };
		5304562710000B0700EA4C1E /* CXMLDocument_PrivateExtensions.h in Headers */ = {isa = PBXBuildFile; fileRef = 457942360D822FEB00EB2D22 /* CXMLDocument_PrivateExtensions.h */; settings = {ATTRIBUTES = (Private, ); }; };
		5304562810000B0700EA4C1E /* CXMLDocument_PrivateExtensions.m in Sources */ = {isa = PBXBuildFile; fileRef = 457942370D822FEB00EB2D22 /* CXMLDocument_PrivateExtensions.m */; };
		5304562910000B0800EA4C1E /* CXMLElement.h in Headers */ = {isa = PBXBuildFile; fileRef = 457940ED0D82214700EB2D22 /* CXMLElement.h */; settings = {ATTRIBUTES = (Public, ); }; };
		5304562A10000B0800EA4C1E /* CXMLElement.m in Sources */ = {isa = PBXBuildFile; fileRef = 457940EE0D82214700EB2D22 /* CXMLElement.m */; };
		5304562B10000B0900EA4C1E /* CXMLElement_CreationExtensions.h in Headers */ = {isa = PBXBuildFile; fileRef = 45D113800EC9E906005193F9 /* CXMLElement_CreationExtensions.h */; settings = {ATTRIBUTES = (Public, ); }; };
		5304562C10000B0A00EA4C1E /* CXMLElement_CreationExtensions.m in Sources */ = {isa = PBXBuildFile; fileRef = 45D113810EC9E906005193F9 /* CXMLElement_CreationExtensions.m */; };
		5304562D10000B0B00EA4C1E /* CXMLNode.m in Sources */ = {isa = PBXBuildFile; fileRef = 457940F00D82214700EB2D22 /* CXMLNode.m */; };
		5304562E10000B0B00EA4C1E /* CXMLNode_CreationExtensions.h in Headers */ = {isa = PBXBuildFile; fileRef = 458CE9C70F9C12BB009EF591 /* CXMLNode_CreationExtensions.h */; settings = {ATTRIBUTES = (Public, ); }; };
		5304562F10000B0C00EA4C1E /* CXMLNode.h in Headers */ = {isa = PBXBuildFile; fileRef = 457940EF0D82214700EB2D22 /* CXMLNode.h */; settings = {ATTRIBUTES = (Public, ); }; };
		5304563010000B0D00EA4C1E /* CXMLNode_CreationExtensions.m in Sources */ = {isa = PBXBuildFile; fileRef = 458CE9C80F9C12BB009EF591 /* CXMLNode_CreationExtensions.m */; };
		5304563110000B0D00EA4C1E /* CXMLNode_PrivateExtensions.h in Headers */ = {isa = PBXBuildFile; fileRef = 457940F10D82214700EB2D22 /* CXMLNode_PrivateExtensions.h */; settings = {ATTRIBUTES = (Private, ); }; };
		5304563210000B0E00EA4C1E /* CXMLNode_PrivateExtensions.m in Sources */ = {isa = PBXBuildFile; fileRef = 457940F20D82214700EB2D22 /* CXMLNode_PrivateExtensions.m */; };
		5304563310000B0F00EA4C1E /* CXMLNode_XPathExtensions.h in Headers */ = {isa = PBXBuildFile; fileRef = 45AA86A40DAB1D08008827B0 /* CXMLNode_XPathExtensions.h */; settings = {ATTRIBUTES = (Public, ); }; };
		5304563410000B0F00EA4C1E /* CXMLNode_XPathExtensions.m in Sources */ = {isa = PBXBuildFile; fileRef = 45AA86A50DAB1D08008827B0 /* CXMLNode_XPathExtensions.m */; };
		5304563510000B1000EA4C1E /* TouchXML.h in Headers */ = {isa = PBXBuildFile; fileRef = 45AA24120E280F9700E12B55 /* TouchXML.h */; settings = {ATTRIBUTES = (Public, ); }; };
		5304564B10000B7A00EA4C1E /* CXMLElement_ElementTreeExtensions.h in Headers */ = {isa = PBXBuildFile; fileRef = 5304564910000B7A00EA4C1E /* CXMLElement_ElementTreeExtensions.h */; settings = {ATTRIBUTES = (Public, ); }; };
		5304564C10000B7A00EA4C1E /* CXMLElement_ElementTreeExtensions.m in Sources */ = {isa = PBXBuildFile; fileRef = 5304564A10000B7A00EA4C1E /* CXMLElement_ElementTreeExtensions.m */; };
		5304564D10000B7A00EA4C1E /* CXMLElement_ElementTreeExtensions.h in Headers */ = {isa = PBXBuildFile; fileRef = 5304564910000B7A00EA4C1E /* CXMLElement_ElementTreeExtensions.h */; settings = {ATTRIBUTES = (Public, ); }; };
		5304564E10000B7A00EA4C1E /* CXMLElement_ElementTreeExtensions.m in Sources */ = {isa = PBXBuildFile; fileRef = 5304564A10000B7A00EA4C1E /* CXMLElement_ElementTreeExtensions.m */; };
		5304565810000C4700EA4C1E /* CTidy.h in Headers */ = {isa = PBXBuildFile; fileRef = 458CE9CA0F9C12BB009EF591 /* CTidy.h */; settings = {ATTRIBUTES = (Public, ); }; };
		5304565910000C4700EA4C1E /* CTidy.m in Sources */ = {isa = PBXBuildFile; fileRef = 458CE9CB0F9C12BB009EF591 /* CTidy.m */; };
		5304565A10000C4700EA4C1E /* CXMLDocument.h in Headers */ = {isa = PBXBuildFile; fileRef = 457940EB0D82214700EB2D22 /* CXMLDocument.h */; settings = {ATTRIBUTES = (Public, ); }; };
		5304565B10000C4800EA4C1E /* CXMLDocument.m in Sources */ = {isa = PBXBuildFile; fileRef = 457940EC0D82214700EB2D22 /* CXMLDocument.m */; };
		5304565C10000C4800EA4C1E /* CXMLDocument_CreationExtensions.h in Headers */ = {isa = PBXBuildFile; fileRef = 458CE9C50F9C12BB009EF591 /* CXMLDocument_CreationExtensions.h */; settings = {ATTRIBUTES = (Public, ); }; };
		5304565D10000C4900EA4C1E /* CXMLDocument_CreationExtensions.m in Sources */ = {isa = PBXBuildFile; fileRef = 458CE9C60F9C12BB009EF591 /* CXMLDocument_CreationExtensions.m */; };
		5304565E10000C4900EA4C1E /* CXMLDocument_PrivateExtensions.h in Headers */ = {isa = PBXBuildFile; fileRef = 457942360D822FEB00EB2D22 /* CXMLDocument_PrivateExtensions.h */; settings = {ATTRIBUTES = (Private, ); }; };
		5304565F10000C4A00EA4C1E /* CXMLDocument_PrivateExtensions.m in Sources */ = {isa = PBXBuildFile; fileRef = 457942370D822FEB00EB2D22 /* CXMLDocument_PrivateExtensions.m */; };
		5304566010000C4A00EA4C1E /* CXMLElement.h in Headers */ = {isa = PBXBuildFile; fileRef = 457940ED0D82214700EB2D22 /* CXMLElement.h */; settings = {ATTRIBUTES = (Public, ); }; };
		5304566110000C4A00EA4C1E /* CXMLElement.m in Sources */ = {isa = PBXBuildFile; fileRef = 457940EE0D82214700EB2D22 /* CXMLElement.m */; };
		5304566210000C4B00EA4C1E /* CXMLElement_CreationExtensions.h in Headers */ = {isa = PBXBuildFile; fileRef = 45D113800EC9E906005193F9 /* CXMLElement_CreationExtensions.h */; settings = {ATTRIBUTES = (Public, ); }; };
		5304566310000C4B00EA4C1E /* CXMLElement_CreationExtensions.m in Sources */ = {isa = PBXBuildFile; fileRef = 45D113810EC9E906005193F9 /* CXMLElement_CreationExtensions.m */; };
		5304566410000C4C00EA4C1E /* CXMLNode.h in Headers */ = {isa = PBXBuildFile; fileRef = 457940EF0D82214700EB2D22 /* CXMLNode.h */; settings = {ATTRIBUTES = (Public, ); }; };
		5304566510000C4D00EA4C1E /* CXMLNode.m in Sources */ = {isa = PBXBuildFile; fileRef = 457940F00D82214700EB2D22 /* CXMLNode.m */; };
		5304566610000C4D00EA4C1E /* CXMLNode_CreationExtensions.h in Headers */ = {isa = PBXBuildFile; fileRef = 458CE9C70F9C12BB009EF591 /* CXMLNode_CreationExtensions.h */; settings = {ATTRIBUTES = (Public, ); }; };
		5304566710000C4E00EA4C1E /* CXMLNode_CreationExtensions.m in Sources */ = {isa = PBXBuildFile; fileRef = 458CE9C80F9C12BB009EF591 /* CXMLNode_CreationExtensions.m */; };
		5304566810000C4E00EA4C1E /* CXMLNode_PrivateExtensions.h in Headers */ = {isa = PBXBuildFile; fileRef = 457940F10D82214700EB2D22 /* CXMLNode_PrivateExtensions.h */; settings = {ATTRIBUTES = (Private, ); }; };
		5304566910000C4F00EA4C1E /* CXMLNode_PrivateExtensions.m in Sources */ = {isa = PBXBuildFile; fileRef = 457940F20D82214700EB2D22 /* CXMLNode_PrivateExtensions.m */; };
		5304566A10000C4F00EA4C1E /* CXMLNode_XPathExtensions.h in Headers */ = {isa = PBXBuildFile; fileRef = 45AA86A40DAB1D08008827B0 /* CXMLNode_XPathExtensions.h */; settings = {ATTRIBUTES = (Public, ); }; };
		5304566B10000C5000EA4C1E /* CXMLNode_XPathExtensions.m in Sources */ = {isa = PBXBuildFile; fileRef = 45AA86A50DAB1D08008827B0 /* CXMLNode_XPathExtensions.m */; };
		5304566C10000C5100EA4C1E /* TouchXML.h in Headers */ = {isa = PBXBuildFile; fileRef = 45AA24120E280F9700E12B55 /* TouchXML.h */; settings = {ATTRIBUTES = (Public, ); }; };
/* End PBXBuildFile section */

/* Begin PBXFileReference section */
		1D30AB110D05D00D00671497 /* Foundation.framework */ = {isa = PBXFileReference; lastKnownFileType = wrapper.framework; name = Foundation.framework; path = System/Library/Frameworks/Foundation.framework; sourceTree = SDKROOT; };
		4526F4B20FBB52C200781DD8 /* EncodingTests.h */ = {isa = PBXFileReference; fileEncoding = 4; lastKnownFileType = sourcecode.c.h; path = EncodingTests.h; sourceTree = "<group>"; };
		4526F4B30FBB52C200781DD8 /* EncodingTests.m */ = {isa = PBXFileReference; fileEncoding = 4; lastKnownFileType = sourcecode.c.objc; path = EncodingTests.m; sourceTree = "<group>"; };
		456A5ED00D9F4E4800D1D9CE /* SenTestingKit.framework */ = {isa = PBXFileReference; lastKnownFileType = wrapper.framework; name = SenTestingKit.framework; path = Library/Frameworks/SenTestingKit.framework; sourceTree = DEVELOPER_DIR; };
		457940E50D82214700EB2D22 /* main.m */ = {isa = PBXFileReference; fileEncoding = 4; lastKnownFileType = sourcecode.c.objc; path = main.m; sourceTree = "<group>"; };
		457940E60D82214700EB2D22 /* Prefix.pch */ = {isa = PBXFileReference; fileEncoding = 4; lastKnownFileType = sourcecode.c.h; path = Prefix.pch; sourceTree = "<group>"; };
		457940EB0D82214700EB2D22 /* CXMLDocument.h */ = {isa = PBXFileReference; fileEncoding = 4; lastKnownFileType = sourcecode.c.h; path = CXMLDocument.h; sourceTree = "<group>"; };
		457940EC0D82214700EB2D22 /* CXMLDocument.m */ = {isa = PBXFileReference; fileEncoding = 4; lastKnownFileType = sourcecode.c.objc; path = CXMLDocument.m; sourceTree = "<group>"; };
		457940ED0D82214700EB2D22 /* CXMLElement.h */ = {isa = PBXFileReference; fileEncoding = 4; lastKnownFileType = sourcecode.c.h; path = CXMLElement.h; sourceTree = "<group>"; };
		457940EE0D82214700EB2D22 /* CXMLElement.m */ = {isa = PBXFileReference; fileEncoding = 4; lastKnownFileType = sourcecode.c.objc; path = CXMLElement.m; sourceTree = "<group>"; };
		457940EF0D82214700EB2D22 /* CXMLNode.h */ = {isa = PBXFileReference; fileEncoding = 4; lastKnownFileType = sourcecode.c.h; path = CXMLNode.h; sourceTree = "<group>"; };
		457940F00D82214700EB2D22 /* CXMLNode.m */ = {isa = PBXFileReference; fileEncoding = 4; lastKnownFileType = sourcecode.c.objc; path = CXMLNode.m; sourceTree = "<group>"; };
		457940F10D82214700EB2D22 /* CXMLNode_PrivateExtensions.h */ = {isa = PBXFileReference; fileEncoding = 4; lastKnownFileType = sourcecode.c.h; path = CXMLNode_PrivateExtensions.h; sourceTree = "<group>"; };
		457940F20D82214700EB2D22 /* CXMLNode_PrivateExtensions.m */ = {isa = PBXFileReference; fileEncoding = 4; lastKnownFileType = sourcecode.c.objc; path = CXMLNode_PrivateExtensions.m; sourceTree = "<group>"; };
		457940FF0D82217800EB2D22 /* TouchXML_UnitTests.octest */ = {isa = PBXFileReference; explicitFileType = wrapper.cfbundle; includeInIndex = 0; path = TouchXML_UnitTests.octest; sourceTree = BUILT_PRODUCTS_DIR; };
		457941200D8222CD00EB2D22 /* BasicTests.h */ = {isa = PBXFileReference; fileEncoding = 4; lastKnownFileType = sourcecode.c.h; path = BasicTests.h; sourceTree = "<group>"; };
		457941210D8222CD00EB2D22 /* BasicTests.m */ = {isa = PBXFileReference; fileEncoding = 4; lastKnownFileType = sourcecode.c.objc; path = BasicTests.m; sourceTree = "<group>"; };
		457941580D8225FC00EB2D22 /* Info.plist */ = {isa = PBXFileReference; fileEncoding = 4; lastKnownFileType = text.plist.xml; path = Info.plist; sourceTree = "<group>"; };
		457942360D822FEB00EB2D22 /* CXMLDocument_PrivateExtensions.h */ = {isa = PBXFileReference; fileEncoding = 4; lastKnownFileType = sourcecode.c.h; path = CXMLDocument_PrivateExtensions.h; sourceTree = "<group>"; };
		457942370D822FEB00EB2D22 /* CXMLDocument_PrivateExtensions.m */ = {isa = PBXFileReference; fileEncoding = 4; lastKnownFileType = sourcecode.c.objc; path = CXMLDocument_PrivateExtensions.m; sourceTree = "<group>"; };
		457943930D8248DC00EB2D22 /* XPath_Tests.h */ = {isa = PBXFileReference; fileEncoding = 4; lastKnownFileType = sourcecode.c.h; path = XPath_Tests.h; sourceTree = "<group>"; };
		457943940D8248DC00EB2D22 /* XPath_Tests.m */ = {isa = PBXFileReference; fileEncoding = 4; lastKnownFileType = sourcecode.c.objc; path = XPath_Tests.m; sourceTree = "<group>"; };
		458CE9010F9C0C3D009EF591 /* Prefix.pch */ = {isa = PBXFileReference; fileEncoding = 4; lastKnownFileType = sourcecode.c.h; path = Prefix.pch; sourceTree = "<group>"; };
		458CE9190F9C0CE6009EF591 /* TidyTests.h */ = {isa = PBXFileReference; fileEncoding = 4; lastKnownFileType = sourcecode.c.h; path = TidyTests.h; sourceTree = "<group>"; };
		458CE91A0F9C0CE6009EF591 /* TidyTests.m */ = {isa = PBXFileReference; fileEncoding = 4; lastKnownFileType = sourcecode.c.objc; path = TidyTests.m; sourceTree = "<group>"; };
		458CE9C50F9C12BB009EF591 /* CXMLDocument_CreationExtensions.h */ = {isa = PBXFileReference; fileEncoding = 4; lastKnownFileType = sourcecode.c.h; name = CXMLDocument_CreationExtensions.h; path = Creation/CXMLDocument_CreationExtensions.h; sourceTree = "<group>"; };
		458CE9C60F9C12BB009EF591 /* CXMLDocument_CreationExtensions.m */ = {isa = PBXFileReference; fileEncoding = 4; lastKnownFileType = sourcecode.c.objc; name = CXMLDocument_CreationExtensions.m; path = Creation/CXMLDocument_CreationExtensions.m; sourceTree = "<group>"; };
		458CE9C70F9C12BB009EF591 /* CXMLNode_CreationExtensions.h */ = {isa = PBXFileReference; fileEncoding = 4; lastKnownFileType = sourcecode.c.h; name = CXMLNode_CreationExtensions.h; path = Creation/CXMLNode_CreationExtensions.h; sourceTree = "<group>"; };
		458CE9C80F9C12BB009EF591 /* CXMLNode_CreationExtensions.m */ = {isa = PBXFileReference; fileEncoding = 4; lastKnownFileType = sourcecode.c.objc; name = CXMLNode_CreationExtensions.m; path = Creation/CXMLNode_CreationExtensions.m; sourceTree = "<group>"; };
		458CE9CA0F9C12BB009EF591 /* CTidy.h */ = {isa = PBXFileReference; fileEncoding = 4; lastKnownFileType = sourcecode.c.h; path = CTidy.h; sourceTree = "<group>"; };
		458CE9CB0F9C12BB009EF591 /* CTidy.m */ = {isa = PBXFileReference; fileEncoding = 4; lastKnownFileType = sourcecode.c.objc; path = CTidy.m; sourceTree = "<group>"; };
		45AA24120E280F9700E12B55 /* TouchXML.h */ = {isa = PBXFileReference; fileEncoding = 4; lastKnownFileType = sourcecode.c.h; path = TouchXML.h; sourceTree = "<group>"; };
		45AA86A40DAB1D08008827B0 /* CXMLNode_XPathExtensions.h */ = {isa = PBXFileReference; fileEncoding = 4; lastKnownFileType = sourcecode.c.h; path = CXMLNode_XPathExtensions.h; sourceTree = "<group>"; };
		45AA86A50DAB1D08008827B0 /* CXMLNode_XPathExtensions.m */ = {isa = PBXFileReference; fileEncoding = 4; lastKnownFileType = sourcecode.c.objc; path = CXMLNode_XPathExtensions.m; sourceTree = "<group>"; };
		45D113800EC9E906005193F9 /* CXMLElement_CreationExtensions.h */ = {isa = PBXFileReference; fileEncoding = 4; lastKnownFileType = sourcecode.c.h; path = CXMLElement_CreationExtensions.h; sourceTree = "<group>"; };
		45D113810EC9E906005193F9 /* CXMLElement_CreationExtensions.m */ = {isa = PBXFileReference; fileEncoding = 4; lastKnownFileType = sourcecode.c.objc; path = CXMLElement_CreationExtensions.m; sourceTree = "<group>"; };
		45D114E20EC9F658005193F9 /* CXMLNode_Debugging.h */ = {isa = PBXFileReference; fileEncoding = 4; lastKnownFileType = sourcecode.c.h; path = CXMLNode_Debugging.h; sourceTree = "<group>"; };
		45D114E30EC9F658005193F9 /* CXMLNode_Debugging.m */ = {isa = PBXFileReference; fileEncoding = 4; lastKnownFileType = sourcecode.c.objc; path = CXMLNode_Debugging.m; sourceTree = "<group>"; };
		530454E010000A4C00EA4C1E /* TouchXML.framework */ = {isa = PBXFileReference; explicitFileType = wrapper.framework; includeInIndex = 0; path = TouchXML.framework; sourceTree = BUILT_PRODUCTS_DIR; };
		530454E110000A4C00EA4C1E /* TouchXML-Info.plist */ = {isa = PBXFileReference; lastKnownFileType = text.plist.xml; path = "TouchXML-Info.plist"; sourceTree = "<group>"; };
		5304559C10000AD000EA4C1E /* libTouchXML.a */ = {isa = PBXFileReference; explicitFileType = archive.ar; includeInIndex = 0; path = libTouchXML.a; sourceTree = BUILT_PRODUCTS_DIR; };
		5304564910000B7A00EA4C1E /* CXMLElement_ElementTreeExtensions.h */ = {isa = PBXFileReference; fileEncoding = 4; lastKnownFileType = sourcecode.c.h; path = CXMLElement_ElementTreeExtensions.h; sourceTree = "<group>"; };
		5304564A10000B7A00EA4C1E /* CXMLElement_ElementTreeExtensions.m */ = {isa = PBXFileReference; fileEncoding = 4; lastKnownFileType = sourcecode.c.objc; path = CXMLElement_ElementTreeExtensions.m; sourceTree = "<group>"; };
/* End PBXFileReference section */

/* Begin PBXFrameworksBuildPhase section */
		456A84890D81DB06000E29C9 /* Frameworks */ = {
			isa = PBXFrameworksBuildPhase;
			buildActionMask = 2147483647;
			files = (
				456A848D0D81DB25000E29C9 /* Foundation.framework in Frameworks */,
			);
			runOnlyForDeploymentPostprocessing = 0;
		};
		457940FC0D82217800EB2D22 /* Frameworks */ = {
			isa = PBXFrameworksBuildPhase;
			buildActionMask = 2147483647;
			files = (
				457941650D82264700EB2D22 /* Foundation.framework in Frameworks */,
				456A5ED10D9F4E4800D1D9CE /* SenTestingKit.framework in Frameworks */,
			);
			runOnlyForDeploymentPostprocessing = 0;
		};
		530454DE10000A4C00EA4C1E /* Frameworks */ = {
			isa = PBXFrameworksBuildPhase;
			buildActionMask = 2147483647;
			files = (
				530454EB10000A5B00EA4C1E /* Foundation.framework in Frameworks */,
			);
			runOnlyForDeploymentPostprocessing = 0;
		};
		5304559A10000AD000EA4C1E /* Frameworks */ = {
			isa = PBXFrameworksBuildPhase;
			buildActionMask = 2147483647;
			files = (
				530455A010000AD800EA4C1E /* Foundation.framework in Frameworks */,
			);
			runOnlyForDeploymentPostprocessing = 0;
		};
/* End PBXFrameworksBuildPhase section */

/* Begin PBXGroup section */
		1058C7A0FEA54F0111CA2CBB /* Linked Frameworks */ = {
			isa = PBXGroup;
			children = (
				1D30AB110D05D00D00671497 /* Foundation.framework */,
				456A5ED00D9F4E4800D1D9CE /* SenTestingKit.framework */,
			);
			name = "Linked Frameworks";
			sourceTree = "<group>";
		};
		19C28FACFE9D520D11CA2CBB /* Products */ = {
			isa = PBXGroup;
			children = (
				457940FF0D82217800EB2D22 /* TouchXML_UnitTests.octest */,
				530454E010000A4C00EA4C1E /* TouchXML.framework */,
				5304559C10000AD000EA4C1E /* libTouchXML.a */,
			);
			name = Products;
			sourceTree = "<group>";
		};
		29B97314FDCFA39411CA2CEA /* CustomTemplate */ = {
			isa = PBXGroup;
			children = (
				457940E30D82214700EB2D22 /* Demo */,
				457940E70D82214700EB2D22 /* UnitTests */,
				457940E90D82214700EB2D22 /* Common */,
				29B97323FDCFA39411CA2CEA /* Frameworks */,
				19C28FACFE9D520D11CA2CBB /* Products */,
				530454E110000A4C00EA4C1E /* TouchXML-Info.plist */,
			);
			name = CustomTemplate;
			sourceTree = "<group>";
		};
		29B97323FDCFA39411CA2CEA /* Frameworks */ = {
			isa = PBXGroup;
			children = (
				1058C7A0FEA54F0111CA2CBB /* Linked Frameworks */,
			);
			name = Frameworks;
			sourceTree = "<group>";
		};
		457940E30D82214700EB2D22 /* Demo */ = {
			isa = PBXGroup;
			children = (
				457940E40D82214700EB2D22 /* Source */,
			);
			path = Demo;
			sourceTree = "<group>";
		};
		457940E40D82214700EB2D22 /* Source */ = {
			isa = PBXGroup;
			children = (
				457940E50D82214700EB2D22 /* main.m */,
				45D114E20EC9F658005193F9 /* CXMLNode_Debugging.h */,
				45D114E30EC9F658005193F9 /* CXMLNode_Debugging.m */,
				457940E60D82214700EB2D22 /* Prefix.pch */,
			);
			path = Source;
			sourceTree = "<group>";
		};
		457940E70D82214700EB2D22 /* UnitTests */ = {
			isa = PBXGroup;
			children = (
				457940E80D82214700EB2D22 /* Source */,
				457941570D8225FC00EB2D22 /* Resources */,
			);
			path = UnitTests;
			sourceTree = "<group>";
		};
		457940E80D82214700EB2D22 /* Source */ = {
			isa = PBXGroup;
			children = (
				457941200D8222CD00EB2D22 /* BasicTests.h */,
				457941210D8222CD00EB2D22 /* BasicTests.m */,
				458CE9190F9C0CE6009EF591 /* TidyTests.h */,
				458CE91A0F9C0CE6009EF591 /* TidyTests.m */,
				458CE9010F9C0C3D009EF591 /* Prefix.pch */,
				457943930D8248DC00EB2D22 /* XPath_Tests.h */,
				457943940D8248DC00EB2D22 /* XPath_Tests.m */,
				4526F4B20FBB52C200781DD8 /* EncodingTests.h */,
				4526F4B30FBB52C200781DD8 /* EncodingTests.m */,
			);
			path = Source;
			sourceTree = "<group>";
		};
		457940E90D82214700EB2D22 /* Common */ = {
			isa = PBXGroup;
			children = (
				457940EA0D82214700EB2D22 /* Source */,
			);
			path = Common;
			sourceTree = "<group>";
		};
		457940EA0D82214700EB2D22 /* Source */ = {
			isa = PBXGroup;
			children = (
				45AA24120E280F9700E12B55 /* TouchXML.h */,
				457940EB0D82214700EB2D22 /* CXMLDocument.h */,
				457940EC0D82214700EB2D22 /* CXMLDocument.m */,
				458CE9C50F9C12BB009EF591 /* CXMLDocument_CreationExtensions.h */,
				458CE9C60F9C12BB009EF591 /* CXMLDocument_CreationExtensions.m */,
				457942360D822FEB00EB2D22 /* CXMLDocument_PrivateExtensions.h */,
				457942370D822FEB00EB2D22 /* CXMLDocument_PrivateExtensions.m */,
				457940ED0D82214700EB2D22 /* CXMLElement.h */,
				457940EE0D82214700EB2D22 /* CXMLElement.m */,
				45D113800EC9E906005193F9 /* CXMLElement_CreationExtensions.h */,
				45D113810EC9E906005193F9 /* CXMLElement_CreationExtensions.m */,
				5304564910000B7A00EA4C1E /* CXMLElement_ElementTreeExtensions.h */,
				5304564A10000B7A00EA4C1E /* CXMLElement_ElementTreeExtensions.m */,
				457940EF0D82214700EB2D22 /* CXMLNode.h */,
				457940F00D82214700EB2D22 /* CXMLNode.m */,
				458CE9C70F9C12BB009EF591 /* CXMLNode_CreationExtensions.h */,
				458CE9C80F9C12BB009EF591 /* CXMLNode_CreationExtensions.m */,
				457940F10D82214700EB2D22 /* CXMLNode_PrivateExtensions.h */,
				457940F20D82214700EB2D22 /* CXMLNode_PrivateExtensions.m */,
				45AA86A40DAB1D08008827B0 /* CXMLNode_XPathExtensions.h */,
				45AA86A50DAB1D08008827B0 /* CXMLNode_XPathExtensions.m */,
				458CE9C90F9C12BB009EF591 /* Tidy */,
			);
			path = Source;
			sourceTree = "<group>";
		};
		457941570D8225FC00EB2D22 /* Resources */ = {
			isa = PBXGroup;
			children = (
				457941580D8225FC00EB2D22 /* Info.plist */,
			);
			path = Resources;
			sourceTree = "<group>";
		};
		458CE9C90F9C12BB009EF591 /* Tidy */ = {
			isa = PBXGroup;
			children = (
				458CE9CA0F9C12BB009EF591 /* CTidy.h */,
				458CE9CB0F9C12BB009EF591 /* CTidy.m */,
			);
			path = Tidy;
			sourceTree = "<group>";
		};
/* End PBXGroup section */

/* Begin PBXHeadersBuildPhase section */
		530454DB10000A4C00EA4C1E /* Headers */ = {
			isa = PBXHeadersBuildPhase;
			buildActionMask = 2147483647;
			files = (
				5304562110000B0400EA4C1E /* CTidy.h in Headers */,
				5304562310000B0500EA4C1E /* CXMLDocument.h in Headers */,
				5304562510000B0600EA4C1E /* CXMLDocument_CreationExtensions.h in Headers */,
				5304562710000B0700EA4C1E /* CXMLDocument_PrivateExtensions.h in Headers */,
				5304562910000B0800EA4C1E /* CXMLElement.h in Headers */,
				5304562B10000B0900EA4C1E /* CXMLElement_CreationExtensions.h in Headers */,
				5304562E10000B0B00EA4C1E /* CXMLNode_CreationExtensions.h in Headers */,
				5304562F10000B0C00EA4C1E /* CXMLNode.h in Headers */,
				5304563110000B0D00EA4C1E /* CXMLNode_PrivateExtensions.h in Headers */,
				5304563310000B0F00EA4C1E /* CXMLNode_XPathExtensions.h in Headers */,
				5304563510000B1000EA4C1E /* TouchXML.h in Headers */,
				5304564B10000B7A00EA4C1E /* CXMLElement_ElementTreeExtensions.h in Headers */,
			);
			runOnlyForDeploymentPostprocessing = 0;
		};
		5304559810000AD000EA4C1E /* Headers */ = {
			isa = PBXHeadersBuildPhase;
			buildActionMask = 2147483647;
			files = (
				5304564D10000B7A00EA4C1E /* CXMLElement_ElementTreeExtensions.h in Headers */,
				5304565810000C4700EA4C1E /* CTidy.h in Headers */,
				5304565A10000C4700EA4C1E /* CXMLDocument.h in Headers */,
				5304565C10000C4800EA4C1E /* CXMLDocument_CreationExtensions.h in Headers */,
				5304565E10000C4900EA4C1E /* CXMLDocument_PrivateExtensions.h in Headers */,
				5304566010000C4A00EA4C1E /* CXMLElement.h in Headers */,
				5304566210000C4B00EA4C1E /* CXMLElement_CreationExtensions.h in Headers */,
				5304566410000C4C00EA4C1E /* CXMLNode.h in Headers */,
				5304566610000C4D00EA4C1E /* CXMLNode_CreationExtensions.h in Headers */,
				5304566810000C4E00EA4C1E /* CXMLNode_PrivateExtensions.h in Headers */,
				5304566A10000C4F00EA4C1E /* CXMLNode_XPathExtensions.h in Headers */,
				5304566C10000C5100EA4C1E /* TouchXML.h in Headers */,
			);
			runOnlyForDeploymentPostprocessing = 0;
		};
/* End PBXHeadersBuildPhase section */

/* Begin PBXNativeTarget section */
		456A848A0D81DB06000E29C9 /* TouchXML_Demo */ = {
			isa = PBXNativeTarget;
			buildConfigurationList = 456A84D90D81DB2E000E29C9 /* Build configuration list for PBXNativeTarget "TouchXML_Demo" */;
			buildPhases = (
				456A84880D81DB06000E29C9 /* Sources */,
				456A84890D81DB06000E29C9 /* Frameworks */,
			);
			buildRules = (
			);
			dependencies = (
			);
			name = TouchXML_Demo;
			productName = "Mac OS X";
			productType = "com.apple.product-type.tool";
		};
		457940FE0D82217800EB2D22 /* TouchXML_UnitTests */ = {
			isa = PBXNativeTarget;
			buildConfigurationList = 457941030D82217800EB2D22 /* Build configuration list for PBXNativeTarget "TouchXML_UnitTests" */;
			buildPhases = (
				457940FA0D82217800EB2D22 /* Resources */,
				457940FB0D82217800EB2D22 /* Sources */,
				457940FC0D82217800EB2D22 /* Frameworks */,
				457940FD0D82217800EB2D22 /* ShellScript */,
			);
			buildRules = (
			);
			dependencies = (
			);
			name = TouchXML_UnitTests;
			productName = TouchXML_UnitTests;
			productReference = 457940FF0D82217800EB2D22 /* TouchXML_UnitTests.octest */;
			productType = "com.apple.product-type.bundle";
		};
		530454DF10000A4C00EA4C1E /* TouchXML */ = {
			isa = PBXNativeTarget;
			buildConfigurationList = 530454E810000A4D00EA4C1E /* Build configuration list for PBXNativeTarget "TouchXML" */;
			buildPhases = (
				530454DB10000A4C00EA4C1E /* Headers */,
				530454DC10000A4C00EA4C1E /* Resources */,
				530454DD10000A4C00EA4C1E /* Sources */,
				530454DE10000A4C00EA4C1E /* Frameworks */,
			);
			buildRules = (
			);
			dependencies = (
			);
			name = TouchXML;
			productName = TouchXML;
			productReference = 530454E010000A4C00EA4C1E /* TouchXML.framework */;
			productType = "com.apple.product-type.framework";
		};
		5304559B10000AD000EA4C1E /* TouchXML Touch */ = {
			isa = PBXNativeTarget;
			buildConfigurationList = 5304562010000B0100EA4C1E /* Build configuration list for PBXNativeTarget "TouchXML Touch" */;
			buildPhases = (
				5304559810000AD000EA4C1E /* Headers */,
				5304559910000AD000EA4C1E /* Sources */,
				5304559A10000AD000EA4C1E /* Frameworks */,
			);
			buildRules = (
			);
			dependencies = (
			);
			name = "TouchXML Touch";
			productName = "TouchXML Touch";
			productReference = 5304559C10000AD000EA4C1E /* libTouchXML.a */;
			productType = "com.apple.product-type.library.static";
		};
/* End PBXNativeTarget section */

/* Begin PBXProject section */
		29B97313FDCFA39411CA2CEA /* Project object */ = {
			isa = PBXProject;
			buildConfigurationList = C01FCF4E08A954540054247B /* Build configuration list for PBXProject "TouchXML" */;
			compatibilityVersion = "Xcode 3.1";
			hasScannedForEncodings = 1;
			mainGroup = 29B97314FDCFA39411CA2CEA /* CustomTemplate */;
			projectDirPath = "";
			projectRoot = "";
			targets = (
				530454DF10000A4C00EA4C1E /* TouchXML */,
				5304559B10000AD000EA4C1E /* TouchXML Touch */,
				456A848A0D81DB06000E29C9 /* TouchXML_Demo */,
				457940FE0D82217800EB2D22 /* TouchXML_UnitTests */,
			);
		};
/* End PBXProject section */

/* Begin PBXResourcesBuildPhase section */
		457940FA0D82217800EB2D22 /* Resources */ = {
			isa = PBXResourcesBuildPhase;
			buildActionMask = 2147483647;
			files = (
			);
			runOnlyForDeploymentPostprocessing = 0;
		};
		530454DC10000A4C00EA4C1E /* Resources */ = {
			isa = PBXResourcesBuildPhase;
			buildActionMask = 2147483647;
			files = (
			);
			runOnlyForDeploymentPostprocessing = 0;
		};
/* End PBXResourcesBuildPhase section */

/* Begin PBXShellScriptBuildPhase section */
		457940FD0D82217800EB2D22 /* ShellScript */ = {
			isa = PBXShellScriptBuildPhase;
			buildActionMask = 2147483647;
			files = (
			);
			inputPaths = (
			);
			outputPaths = (
			);
			runOnlyForDeploymentPostprocessing = 0;
			shellPath = /bin/sh;
			shellScript = "# Run the unit tests in this test bundle.\n\"${SYSTEM_DEVELOPER_DIR}/Tools/RunUnitTests\"\n\n # Run gcov on the framework getting tested\nif [ \"${CONFIGURATION}\" = 'Coverage' ]; then\n\techo '##########################################################################'\n\tCOVERAGE_OUTPUT_DIR=${SRCROOT}/Coverage\n\techo \"${COVERAGE_OUTPUT_DIR}\"\n\tmkdir -p \"${COVERAGE_OUTPUT_DIR}\"\n\tpushd \"${OBJECT_FILE_DIR_normal}/${CURRENT_ARCH}\"\n\tpwd\n\tfind . -name '*.gcda' -exec gcov {} \\;\n\tfind . -name '*.gcov' -exec mv {} \"${COVERAGE_OUTPUT_DIR}\" \\;\n\tpopd\n\techo '##########################################################################'\nfi \n";
		};
/* End PBXShellScriptBuildPhase section */

/* Begin PBXSourcesBuildPhase section */
		456A84880D81DB06000E29C9 /* Sources */ = {
			isa = PBXSourcesBuildPhase;
			buildActionMask = 2147483647;
			files = (
				457940F30D82214700EB2D22 /* main.m in Sources */,
				457940F40D82214700EB2D22 /* CXMLDocument.m in Sources */,
				457940F50D82214700EB2D22 /* CXMLElement.m in Sources */,
				457940F60D82214700EB2D22 /* CXMLNode.m in Sources */,
				457940F70D82214700EB2D22 /* CXMLNode_PrivateExtensions.m in Sources */,
				457943670D82473400EB2D22 /* CXMLDocument_PrivateExtensions.m in Sources */,
				45AA86A70DAB1D08008827B0 /* CXMLNode_XPathExtensions.m in Sources */,
				45D113860EC9E906005193F9 /* CXMLElement_CreationExtensions.m in Sources */,
				45D114E40EC9F658005193F9 /* CXMLNode_Debugging.m in Sources */,
				458CE9D10F9C12CD009EF591 /* CTidy.m in Sources */,
				458CE9D20F9C12CE009EF591 /* CXMLNode_CreationExtensions.m in Sources */,
				458CE9D30F9C12CE009EF591 /* CXMLDocument_CreationExtensions.m in Sources */,
			);
			runOnlyForDeploymentPostprocessing = 0;
		};
		457940FB0D82217800EB2D22 /* Sources */ = {
			isa = PBXSourcesBuildPhase;
			buildActionMask = 2147483647;
			files = (
				457941220D8222CD00EB2D22 /* BasicTests.m in Sources */,
				457941270D82245700EB2D22 /* CXMLDocument.m in Sources */,
				457941280D82245800EB2D22 /* CXMLElement.m in Sources */,
				457941290D82245800EB2D22 /* CXMLNode.m in Sources */,
				4579412A0D82245900EB2D22 /* CXMLNode_PrivateExtensions.m in Sources */,
				457942380D822FEB00EB2D22 /* CXMLDocument_PrivateExtensions.m in Sources */,
				457943950D8248DC00EB2D22 /* XPath_Tests.m in Sources */,
				45AA86A60DAB1D08008827B0 /* CXMLNode_XPathExtensions.m in Sources */,
				45D113840EC9E906005193F9 /* CXMLElement_CreationExtensions.m in Sources */,
				45D114E50EC9F658005193F9 /* CXMLNode_Debugging.m in Sources */,
				458CE91B0F9C0CE6009EF591 /* TidyTests.m in Sources */,
				458CE9CC0F9C12BB009EF591 /* CXMLDocument_CreationExtensions.m in Sources */,
				458CE9CD0F9C12BB009EF591 /* CXMLNode_CreationExtensions.m in Sources */,
				458CE9CE0F9C12BB009EF591 /* CTidy.m in Sources */,
				4526F4B40FBB52C200781DD8 /* EncodingTests.m in Sources */,
			);
			runOnlyForDeploymentPostprocessing = 0;
		};
		530454DD10000A4C00EA4C1E /* Sources */ = {
			isa = PBXSourcesBuildPhase;
			buildActionMask = 2147483647;
			files = (
				5304562210000B0400EA4C1E /* CTidy.m in Sources */,
				5304562410000B0500EA4C1E /* CXMLDocument.m in Sources */,
				5304562610000B0600EA4C1E /* CXMLDocument_CreationExtensions.m in Sources */,
				5304562810000B0700EA4C1E /* CXMLDocument_PrivateExtensions.m in Sources */,
				5304562A10000B0800EA4C1E /* CXMLElement.m in Sources */,
				5304562C10000B0A00EA4C1E /* CXMLElement_CreationExtensions.m in Sources */,
				5304562D10000B0B00EA4C1E /* CXMLNode.m in Sources */,
				5304563010000B0D00EA4C1E /* CXMLNode_CreationExtensions.m in Sources */,
				5304563210000B0E00EA4C1E /* CXMLNode_PrivateExtensions.m in Sources */,
				5304563410000B0F00EA4C1E /* CXMLNode_XPathExtensions.m in Sources */,
				5304564C10000B7A00EA4C1E /* CXMLElement_ElementTreeExtensions.m in Sources */,
			);
			runOnlyForDeploymentPostprocessing = 0;
		};
		5304559910000AD000EA4C1E /* Sources */ = {
			isa = PBXSourcesBuildPhase;
			buildActionMask = 2147483647;
			files = (
				5304564E10000B7A00EA4C1E /* CXMLElement_ElementTreeExtensions.m in Sources */,
				5304565910000C4700EA4C1E /* CTidy.m in Sources */,
				5304565B10000C4800EA4C1E /* CXMLDocument.m in Sources */,
				5304565D10000C4900EA4C1E /* CXMLDocument_CreationExtensions.m in Sources */,
				5304565F10000C4A00EA4C1E /* CXMLDocument_PrivateExtensions.m in Sources */,
				5304566110000C4A00EA4C1E /* CXMLElement.m in Sources */,
				5304566310000C4B00EA4C1E /* CXMLElement_CreationExtensions.m in Sources */,
				5304566510000C4D00EA4C1E /* CXMLNode.m in Sources */,
				5304566710000C4E00EA4C1E /* CXMLNode_CreationExtensions.m in Sources */,
				5304566910000C4F00EA4C1E /* CXMLNode_PrivateExtensions.m in Sources */,
				5304566B10000C5000EA4C1E /* CXMLNode_XPathExtensions.m in Sources */,
			);
			runOnlyForDeploymentPostprocessing = 0;
		};
/* End PBXSourcesBuildPhase section */

/* Begin XCBuildConfiguration section */
		4533AB090DA4203C0028B909 /* Coverage */ = {
			isa = XCBuildConfiguration;
			buildSettings = {
				ALWAYS_SEARCH_USER_PATHS = NO;
				ARCHS = "$(NATIVE_ARCH_ACTUAL)";
				GCC_C_LANGUAGE_STANDARD = c99;
				GCC_GENERATE_TEST_COVERAGE_FILES = YES;
				GCC_INSTRUMENT_PROGRAM_FLOW_ARCS = YES;
				GCC_WARN_ABOUT_RETURN_TYPE = YES;
				GCC_WARN_UNUSED_VARIABLE = YES;
				ONLY_ACTIVE_ARCH = YES;
				OTHER_LDFLAGS = "-lgcov";
				PREBINDING = NO;
			};
			name = Coverage;
		};
		4533AB0B0DA4203C0028B909 /* Coverage */ = {
			isa = XCBuildConfiguration;
			buildSettings = {
				ALWAYS_SEARCH_USER_PATHS = NO;
				ARCHS = "$(ARCHS_STANDARD_32_BIT)";
				COPY_PHASE_STRIP = NO;
				GCC_DYNAMIC_NO_PIC = NO;
				GCC_ENABLE_FIX_AND_CONTINUE = YES;
				GCC_MODEL_TUNING = G5;
				GCC_OPTIMIZATION_LEVEL = 0;
				GCC_PRECOMPILE_PREFIX_HEADER = YES;
				GCC_PREFIX_HEADER = Demo/Source/Prefix.pch;
				HEADER_SEARCH_PATHS = (
					/usr/include/tidy,
					/usr/include/libxml2,
				);
				INSTALL_PATH = /usr/local/bin;
				OTHER_LDFLAGS = (
					"-lxml2",
					"-ltidy",
				);
				PREBINDING = NO;
				PRODUCT_NAME = TouchXML_Demo;
			};
			name = Coverage;
		};
		4533AB0C0DA4203C0028B909 /* Coverage */ = {
			isa = XCBuildConfiguration;
			buildSettings = {
				ALWAYS_SEARCH_USER_PATHS = NO;
				ARCHS = "$(NATIVE_ARCH)";
				COPY_PHASE_STRIP = NO;
				FRAMEWORK_SEARCH_PATHS = "$(DEVELOPER_LIBRARY_DIR)/Frameworks";
				GCC_C_LANGUAGE_STANDARD = gnu99;
				GCC_DYNAMIC_NO_PIC = NO;
				GCC_ENABLE_FIX_AND_CONTINUE = NO;
				GCC_ENABLE_OBJC_EXCEPTIONS = YES;
				GCC_MODEL_TUNING = G5;
				GCC_OPTIMIZATION_LEVEL = 0;
				GCC_PRECOMPILE_PREFIX_HEADER = YES;
				GCC_PREFIX_HEADER = Demo/Source/Prefix.pch;
				HEADER_SEARCH_PATHS = (
					/usr/include/tidy,
					/usr/include/libxml2,
				);
				INFOPLIST_FILE = UnitTests/Resources/Info.plist;
				INSTALL_PATH = "$(USER_LIBRARY_DIR)/Bundles";
				OTHER_LDFLAGS = (
					"-lxml2",
					"-ltidy",
				);
				PREBINDING = NO;
				PRODUCT_NAME = TouchXML_UnitTests;
				WRAPPER_EXTENSION = octest;
			};
			name = Coverage;
		};
		456A848B0D81DB06000E29C9 /* Debug */ = {
			isa = XCBuildConfiguration;
			buildSettings = {
				ALWAYS_SEARCH_USER_PATHS = NO;
				ARCHS = "$(ARCHS_STANDARD_32_BIT)";
				COPY_PHASE_STRIP = NO;
				GCC_DYNAMIC_NO_PIC = NO;
				GCC_ENABLE_FIX_AND_CONTINUE = YES;
				GCC_MODEL_TUNING = G5;
				GCC_OPTIMIZATION_LEVEL = 0;
				GCC_PRECOMPILE_PREFIX_HEADER = YES;
				GCC_PREFIX_HEADER = Demo/Source/Prefix.pch;
				HEADER_SEARCH_PATHS = (
					/usr/include/tidy,
					/usr/include/libxml2,
				);
				INSTALL_PATH = /usr/local/bin;
				OTHER_LDFLAGS = (
					"-lxml2",
					"-ltidy",
				);
				PREBINDING = NO;
				PRODUCT_NAME = TouchXML_Demo;
			};
			name = Debug;
		};
		456A848C0D81DB06000E29C9 /* Release */ = {
			isa = XCBuildConfiguration;
			buildSettings = {
				ALWAYS_SEARCH_USER_PATHS = NO;
				ARCHS = "$(ARCHS_STANDARD_32_BIT)";
				COPY_PHASE_STRIP = YES;
				DEBUG_INFORMATION_FORMAT = "dwarf-with-dsym";
				GCC_ENABLE_FIX_AND_CONTINUE = NO;
				GCC_MODEL_TUNING = G5;
				GCC_PRECOMPILE_PREFIX_HEADER = YES;
				GCC_PREFIX_HEADER = Demo/Source/Prefix.pch;
				HEADER_SEARCH_PATHS = (
					/usr/include/tidy,
					/usr/include/libxml2,
				);
				INSTALL_PATH = /usr/local/bin;
				OTHER_LDFLAGS = (
					"-lxml2",
					"-ltidy",
				);
				PREBINDING = NO;
				PRODUCT_NAME = TouchXML_Demo;
				ZERO_LINK = NO;
			};
			name = Release;
		};
		457941010D82217800EB2D22 /* Debug */ = {
			isa = XCBuildConfiguration;
			buildSettings = {
				ALWAYS_SEARCH_USER_PATHS = NO;
				ARCHS = "$(NATIVE_ARCH)";
				COPY_PHASE_STRIP = NO;
				FRAMEWORK_SEARCH_PATHS = "$(DEVELOPER_LIBRARY_DIR)/Frameworks";
				GCC_C_LANGUAGE_STANDARD = gnu99;
				GCC_DYNAMIC_NO_PIC = NO;
				GCC_ENABLE_FIX_AND_CONTINUE = NO;
				GCC_ENABLE_OBJC_EXCEPTIONS = YES;
				GCC_MODEL_TUNING = G5;
				GCC_OPTIMIZATION_LEVEL = 0;
				GCC_PRECOMPILE_PREFIX_HEADER = YES;
				GCC_PREFIX_HEADER = Demo/Source/Prefix.pch;
				HEADER_SEARCH_PATHS = (
					/usr/include/tidy,
					/usr/include/libxml2,
				);
				INFOPLIST_FILE = UnitTests/Resources/Info.plist;
				INSTALL_PATH = "$(USER_LIBRARY_DIR)/Bundles";
				OTHER_LDFLAGS = (
					"-lxml2",
					"-ltidy",
				);
				PREBINDING = NO;
				PRODUCT_NAME = TouchXML_UnitTests;
				WRAPPER_EXTENSION = octest;
			};
			name = Debug;
		};
		457941020D82217800EB2D22 /* Release */ = {
			isa = XCBuildConfiguration;
			buildSettings = {
				ALWAYS_SEARCH_USER_PATHS = NO;
				ARCHS = "$(NATIVE_ARCH)";
				COPY_PHASE_STRIP = YES;
				DEBUG_INFORMATION_FORMAT = "dwarf-with-dsym";
				FRAMEWORK_SEARCH_PATHS = "$(DEVELOPER_LIBRARY_DIR)/Frameworks";
				GCC_C_LANGUAGE_STANDARD = gnu99;
				GCC_ENABLE_FIX_AND_CONTINUE = NO;
				GCC_ENABLE_OBJC_EXCEPTIONS = YES;
				GCC_MODEL_TUNING = G5;
				GCC_PRECOMPILE_PREFIX_HEADER = YES;
				GCC_PREFIX_HEADER = Demo/Source/Prefix.pch;
				HEADER_SEARCH_PATHS = (
					/usr/include/tidy,
					/usr/include/libxml2,
				);
				INFOPLIST_FILE = UnitTests/Resources/Info.plist;
				INSTALL_PATH = "$(USER_LIBRARY_DIR)/Bundles";
				OTHER_LDFLAGS = (
					"-lxml2",
					"-ltidy",
				);
				PREBINDING = NO;
				PRODUCT_NAME = TouchXML_UnitTests;
				WRAPPER_EXTENSION = octest;
				ZERO_LINK = NO;
			};
			name = Release;
		};
		530454E510000A4C00EA4C1E /* Debug */ = {
			isa = XCBuildConfiguration;
			buildSettings = {
				ALWAYS_SEARCH_USER_PATHS = NO;
				COPY_PHASE_STRIP = NO;
				DYLIB_COMPATIBILITY_VERSION = 1;
				DYLIB_CURRENT_VERSION = 1;
				FRAMEWORK_VERSION = A;
				GCC_DYNAMIC_NO_PIC = NO;
				GCC_ENABLE_FIX_AND_CONTINUE = YES;
				GCC_MODEL_TUNING = G5;
				GCC_OPTIMIZATION_LEVEL = 0;
				HEADER_SEARCH_PATHS = (
					"/usr/include/tidy/**",
					"/usr/include/libxml2/**",
				);
				INFOPLIST_FILE = "TouchXML-Info.plist";
				INSTALL_PATH = "$(HOME)/Library/Frameworks";
				OTHER_LDFLAGS = (
					"-lxml2",
					"-ltidy",
				);
				PREBINDING = NO;
				PRODUCT_NAME = TouchXML;
			};
			name = Debug;
		};
		530454E610000A4C00EA4C1E /* Release */ = {
			isa = XCBuildConfiguration;
			buildSettings = {
				ALWAYS_SEARCH_USER_PATHS = NO;
				COPY_PHASE_STRIP = YES;
				DEBUG_INFORMATION_FORMAT = "dwarf-with-dsym";
				DYLIB_COMPATIBILITY_VERSION = 1;
				DYLIB_CURRENT_VERSION = 1;
				FRAMEWORK_VERSION = A;
				GCC_ENABLE_FIX_AND_CONTINUE = NO;
				GCC_MODEL_TUNING = G5;
				HEADER_SEARCH_PATHS = (
					"/usr/include/tidy/**",
					"/usr/include/libxml2/**",
				);
				INFOPLIST_FILE = "TouchXML-Info.plist";
				INSTALL_PATH = "$(HOME)/Library/Frameworks";
				OTHER_LDFLAGS = (
					"-lxml2",
					"-ltidy",
				);
				PREBINDING = NO;
				PRODUCT_NAME = TouchXML;
				ZERO_LINK = NO;
			};
			name = Release;
		};
		530454E710000A4C00EA4C1E /* Coverage */ = {
			isa = XCBuildConfiguration;
			buildSettings = {
				ALWAYS_SEARCH_USER_PATHS = NO;
				DYLIB_COMPATIBILITY_VERSION = 1;
				DYLIB_CURRENT_VERSION = 1;
				FRAMEWORK_VERSION = A;
				GCC_ENABLE_FIX_AND_CONTINUE = YES;
				GCC_MODEL_TUNING = G5;
				HEADER_SEARCH_PATHS = (
					"/usr/include/tidy/**",
					"/usr/include/libxml2/**",
				);
				INFOPLIST_FILE = "TouchXML-Info.plist";
				INSTALL_PATH = "$(HOME)/Library/Frameworks";
				OTHER_LDFLAGS = (
					"-lxml2",
					"-ltidy",
				);
				PREBINDING = NO;
				PRODUCT_NAME = TouchXML;
			};
			name = Coverage;
		};
		5304559D10000AD100EA4C1E /* Debug */ = {
			isa = XCBuildConfiguration;
			buildSettings = {
				ALWAYS_SEARCH_USER_PATHS = NO;
				COPY_PHASE_STRIP = NO;
				GCC_DYNAMIC_NO_PIC = NO;
				GCC_OPTIMIZATION_LEVEL = 0;
				HEADER_SEARCH_PATHS = (
					"/usr/include/tidy/**",
					"/usr/include/libxml2/**",
				);
				PREBINDING = NO;
				PRIVATE_HEADERS_FOLDER_PATH = "$(PUBLIC_HEADERS_FOLDER_PATH)/private";
				PRODUCT_NAME = TouchXML;
				PUBLIC_HEADERS_FOLDER_PATH = /usr/local/include/TouchXML;
			};
			name = Debug;
		};
		5304559E10000AD100EA4C1E /* Release */ = {
			isa = XCBuildConfiguration;
			buildSettings = {
				ALWAYS_SEARCH_USER_PATHS = NO;
				COPY_PHASE_STRIP = YES;
				DEBUG_INFORMATION_FORMAT = "dwarf-with-dsym";
				GCC_ENABLE_FIX_AND_CONTINUE = NO;
				HEADER_SEARCH_PATHS = (
					"/usr/include/tidy/**",
					"/usr/include/libxml2/**",
				);
				PREBINDING = NO;
				PRIVATE_HEADERS_FOLDER_PATH = "$(PUBLIC_HEADERS_FOLDER_PATH)/private";
				PRODUCT_NAME = TouchXML;
				PUBLIC_HEADERS_FOLDER_PATH = /usr/local/include/TouchXML;
				ZERO_LINK = NO;
			};
			name = Release;
		};
		5304559F10000AD100EA4C1E /* Coverage */ = {
			isa = XCBuildConfiguration;
			buildSettings = {
				ALWAYS_SEARCH_USER_PATHS = NO;
				HEADER_SEARCH_PATHS = (
					"/usr/include/tidy/**",
					"/usr/include/libxml2/**",
				);
				PREBINDING = NO;
				PRIVATE_HEADERS_FOLDER_PATH = "$(PUBLIC_HEADERS_FOLDER_PATH)/private";
				PRODUCT_NAME = TouchXML;
				PUBLIC_HEADERS_FOLDER_PATH = /usr/local/include/TouchXML;
			};
			name = Coverage;
		};
		C01FCF4F08A954540054247B /* Debug */ = {
			isa = XCBuildConfiguration;
			buildSettings = {
				ALWAYS_SEARCH_USER_PATHS = NO;
				ARCHS = "$(NATIVE_ARCH_ACTUAL)";
				"CODE_SIGN_IDENTITY[sdk=aspen*]" = "iPhone Developer";
				GCC_C_LANGUAGE_STANDARD = c99;
				GCC_WARN_ABOUT_RETURN_TYPE = YES;
				GCC_WARN_UNUSED_VARIABLE = YES;
				ONLY_ACTIVE_ARCH = YES;
				PREBINDING = NO;
			};
			name = Debug;
		};
		C01FCF5008A954540054247B /* Release */ = {
			isa = XCBuildConfiguration;
			buildSettings = {
				ARCHS = "$(ARCHS_STANDARD_32_64_BIT)";
				PREBINDING = NO;
			};
			name = Release;
		};
/* End XCBuildConfiguration section */

/* Begin XCConfigurationList section */
		456A84D90D81DB2E000E29C9 /* Build configuration list for PBXNativeTarget "TouchXML_Demo" */ = {
			isa = XCConfigurationList;
			buildConfigurations = (
				456A848B0D81DB06000E29C9 /* Debug */,
				456A848C0D81DB06000E29C9 /* Release */,
				4533AB0B0DA4203C0028B909 /* Coverage */,
			);
			defaultConfigurationIsVisible = 0;
			defaultConfigurationName = Debug;
		};
		457941030D82217800EB2D22 /* Build configuration list for PBXNativeTarget "TouchXML_UnitTests" */ = {
			isa = XCConfigurationList;
			buildConfigurations = (
				457941010D82217800EB2D22 /* Debug */,
				457941020D82217800EB2D22 /* Release */,
				4533AB0C0DA4203C0028B909 /* Coverage */,
			);
			defaultConfigurationIsVisible = 0;
			defaultConfigurationName = Debug;
		};
		530454E810000A4D00EA4C1E /* Build configuration list for PBXNativeTarget "TouchXML" */ = {
			isa = XCConfigurationList;
			buildConfigurations = (
				530454E510000A4C00EA4C1E /* Debug */,
				530454E610000A4C00EA4C1E /* Release */,
				530454E710000A4C00EA4C1E /* Coverage */,
			);
			defaultConfigurationIsVisible = 0;
			defaultConfigurationName = Debug;
		};
		5304562010000B0100EA4C1E /* Build configuration list for PBXNativeTarget "TouchXML Touch" */ = {
			isa = XCConfigurationList;
			buildConfigurations = (
				5304559D10000AD100EA4C1E /* Debug */,
				5304559E10000AD100EA4C1E /* Release */,
				5304559F10000AD100EA4C1E /* Coverage */,
			);
			defaultConfigurationIsVisible = 0;
			defaultConfigurationName = Debug;
		};
		C01FCF4E08A954540054247B /* Build configuration list for PBXProject "TouchXML" */ = {
			isa = XCConfigurationList;
			buildConfigurations = (
				C01FCF4F08A954540054247B /* Debug */,
				C01FCF5008A954540054247B /* Release */,
				4533AB090DA4203C0028B909 /* Coverage */,
			);
			defaultConfigurationIsVisible = 0;
			defaultConfigurationName = Debug;
		};
/* End XCConfigurationList section */
	};
	rootObject = 29B97313FDCFA39411CA2CEA /* Project object */;
}
